<?xml version="1.0"?>
<plist version="1.0">
	<dict>
		<key>archiveVersion</key>
		<string>1</string>
		<key>classes</key>
		<dict />
		<key>objectVersion</key>
		<string>46</string>
		<key>objects</key>
		<dict>
			<key>A3B6113ABB06035AEA066C4E</key>
			<dict>
				<key>explicitFileType</key>
				<string>sourcecode.c.h</string>
				<key>fileEncoding</key>
				<string>30</string>
				<key>isa</key>
				<string>PBXFileReference</string>
				<key>name</key>
				<string>ofxPBRImage.h</string>
				<key>path</key>
				<string>../../../addons/ofxPBRHelper/src/ofxPBRImage.h</string>
				<key>sourceTree</key>
				<string>SOURCE_ROOT</string>
			</dict>
			<key>DE5E819733EBC2987F01896B</key>
			<dict>
				<key>explicitFileType</key>
				<string>sourcecode.c.h</string>
				<key>fileEncoding</key>
				<string>30</string>
				<key>isa</key>
				<string>PBXFileReference</string>
				<key>name</key>
				<string>ofxPBRHelperParams.h</string>
				<key>path</key>
				<string>../../../addons/ofxPBRHelper/src/ofxPBRHelperParams.h</string>
				<key>sourceTree</key>
				<string>SOURCE_ROOT</string>
			</dict>
			<key>F03436A80CD888A5BD99FD92</key>
			<dict>
				<key>explicitFileType</key>
				<string>sourcecode.c.h</string>
				<key>fileEncoding</key>
				<string>30</string>
				<key>isa</key>
				<string>PBXFileReference</string>
				<key>name</key>
				<string>ofxPBRHelper.h</string>
				<key>path</key>
				<string>../../../addons/ofxPBRHelper/src/ofxPBRHelper.h</string>
				<key>sourceTree</key>
				<string>SOURCE_ROOT</string>
			</dict>
			<key>40CBDE48C053B88CBC9F3432</key>
			<dict>
				<key>fileRef</key>
				<string>92DFF352559412EDED837BF9</string>
				<key>isa</key>
				<string>PBXBuildFile</string>
			</dict>
			<key>92DFF352559412EDED837BF9</key>
			<dict>
				<key>explicitFileType</key>
				<string>sourcecode.cpp.cpp</string>
				<key>fileEncoding</key>
				<string>30</string>
				<key>isa</key>
				<string>PBXFileReference</string>
				<key>name</key>
				<string>ofxPBRHelper.cpp</string>
				<key>path</key>
				<string>../../../addons/ofxPBRHelper/src/ofxPBRHelper.cpp</string>
				<key>sourceTree</key>
				<string>SOURCE_ROOT</string>
			</dict>
			<key>E7B245283CC730747C8657B2</key>
			<dict>
				<key>explicitFileType</key>
				<string>sourcecode.c.h</string>
				<key>fileEncoding</key>
				<string>30</string>
				<key>isa</key>
				<string>PBXFileReference</string>
				<key>name</key>
				<string>ofxPBRFiles.h</string>
				<key>path</key>
				<string>../../../addons/ofxPBRHelper/src/ofxPBRFiles.h</string>
				<key>sourceTree</key>
				<string>SOURCE_ROOT</string>
			</dict>
			<key>95DD1B4C44123623F77D0E4F</key>
			<dict>
				<key>children</key>
				<array>
					<string>A761150702A5DC16411E0C4A</string>
					<string>E7B245283CC730747C8657B2</string>
					<string>92DFF352559412EDED837BF9</string>
					<string>F03436A80CD888A5BD99FD92</string>
					<string>DE5E819733EBC2987F01896B</string>
					<string>A3B6113ABB06035AEA066C4E</string>
				</array>
				<key>isa</key>
				<string>PBXGroup</string>
				<key>name</key>
				<string>src</string>
				<key>sourceTree</key>
				<string>&lt;group&gt;</string>
			</dict>
			<key>64354FB4A04100A80E87DDCD</key>
			<dict>
				<key>children</key>
				<array>
					<string>95DD1B4C44123623F77D0E4F</string>
				</array>
				<key>isa</key>
				<string>PBXGroup</string>
				<key>name</key>
				<string>ofxPBRHelper</string>
				<key>sourceTree</key>
				<string>&lt;group&gt;</string>
			</dict>
			<key>D1BA6D10C6EA536AC56D3F7E</key>
			<dict>
				<key>fileRef</key>
				<string>A761150702A5DC16411E0C4A</string>
				<key>isa</key>
				<string>PBXBuildFile</string>
			</dict>
			<key>A761150702A5DC16411E0C4A</key>
			<dict>
				<key>explicitFileType</key>
				<string>sourcecode.cpp.cpp</string>
				<key>fileEncoding</key>
				<string>30</string>
				<key>isa</key>
				<string>PBXFileReference</string>
				<key>name</key>
				<string>ofxPBRFiles.cpp</string>
				<key>path</key>
				<string>../../../addons/ofxPBRHelper/src/ofxPBRFiles.cpp</string>
				<key>sourceTree</key>
				<string>SOURCE_ROOT</string>
			</dict>
			<key>5DD910CAF12518A7921DF223</key>
			<dict>
				<key>explicitFileType</key>
				<string>sourcecode.c.h</string>
				<key>fileEncoding</key>
				<string>30</string>
				<key>isa</key>
				<string>PBXFileReference</string>
				<key>name</key>
				<string>pbr.h</string>
				<key>path</key>
				<string>../../../addons/ofxPBR/src/shaders/pbr.h</string>
				<key>sourceTree</key>
				<string>SOURCE_ROOT</string>
			</dict>
			<key>AD9230031092B611D01A632A</key>
			<dict>
				<key>explicitFileType</key>
				<string>sourcecode.c.h</string>
				<key>fileEncoding</key>
				<string>30</string>
				<key>isa</key>
				<string>PBXFileReference</string>
				<key>name</key>
				<string>importanceSampling.h</string>
				<key>path</key>
				<string>../../../addons/ofxPBR/src/shaders/importanceSampling.h</string>
				<key>sourceTree</key>
				<string>SOURCE_ROOT</string>
			</dict>
			<key>51E31FB725D29221C7C8A823</key>
			<dict>
				<key>explicitFileType</key>
				<string>sourcecode.c.h</string>
				<key>fileEncoding</key>
				<string>30</string>
				<key>isa</key>
				<string>PBXFileReference</string>
				<key>name</key>
				<string>environment.h</string>
				<key>path</key>
				<string>../../../addons/ofxPBR/src/shaders/environment.h</string>
				<key>sourceTree</key>
				<string>SOURCE_ROOT</string>
			</dict>
			<key>13FCF680EF6D86324C4A2EC9</key>
			<dict>
				<key>children</key>
				<array>
					<string>181726E3B538AC828CDC433B</string>
					<string>51E31FB725D29221C7C8A823</string>
					<string>AD9230031092B611D01A632A</string>
					<string>5DD910CAF12518A7921DF223</string>
				</array>
				<key>isa</key>
				<string>PBXGroup</string>
				<key>name</key>
				<string>shaders</string>
				<key>sourceTree</key>
				<string>&lt;group&gt;</string>
			</dict>
			<key>181726E3B538AC828CDC433B</key>
			<dict>
				<key>explicitFileType</key>
				<string>sourcecode.c.h</string>
				<key>fileEncoding</key>
				<string>30</string>
				<key>isa</key>
				<string>PBXFileReference</string>
				<key>name</key>
				<string>blur.h</string>
				<key>path</key>
				<string>../../../addons/ofxPBR/src/shaders/blur.h</string>
				<key>sourceTree</key>
				<string>SOURCE_ROOT</string>
			</dict>
			<key>3AC9D9D167D90650147488D9</key>
			<dict>
				<key>explicitFileType</key>
				<string>sourcecode.c.h</string>
				<key>fileEncoding</key>
				<string>30</string>
				<key>isa</key>
				<string>PBXFileReference</string>
				<key>name</key>
				<string>ofxPBRShadow.h</string>
				<key>path</key>
				<string>../../../addons/ofxPBR/src/ofxPBRShadow.h</string>
				<key>sourceTree</key>
				<string>SOURCE_ROOT</string>
			</dict>
			<key>8AFE53EE9F2D9E61CC02AD81</key>
			<dict>
				<key>fileRef</key>
				<string>3BF4998CFA697ED4846632F5</string>
				<key>isa</key>
				<string>PBXBuildFile</string>
			</dict>
			<key>3BF4998CFA697ED4846632F5</key>
			<dict>
				<key>explicitFileType</key>
				<string>sourcecode.cpp.cpp</string>
				<key>fileEncoding</key>
				<string>30</string>
				<key>isa</key>
				<string>PBXFileReference</string>
				<key>name</key>
				<string>ofxPBRShadow.cpp</string>
				<key>path</key>
				<string>../../../addons/ofxPBR/src/ofxPBRShadow.cpp</string>
				<key>sourceTree</key>
				<string>SOURCE_ROOT</string>
			</dict>
			<key>262BC2FB79F81289725C46A0</key>
			<dict>
				<key>explicitFileType</key>
				<string>sourcecode.c.h</string>
				<key>fileEncoding</key>
				<string>30</string>
				<key>isa</key>
				<string>PBXFileReference</string>
				<key>name</key>
				<string>ofxPBRMaterial.h</string>
				<key>path</key>
				<string>../../../addons/ofxPBR/src/ofxPBRMaterial.h</string>
				<key>sourceTree</key>
				<string>SOURCE_ROOT</string>
			</dict>
			<key>815F42D6B579CE9EFB87C085</key>
			<dict>
				<key>fileRef</key>
				<string>49EDBEBC749DE11469A47851</string>
				<key>isa</key>
				<string>PBXBuildFile</string>
			</dict>
			<key>49EDBEBC749DE11469A47851</key>
			<dict>
				<key>explicitFileType</key>
				<string>sourcecode.cpp.cpp</string>
				<key>fileEncoding</key>
				<string>30</string>
				<key>isa</key>
				<string>PBXFileReference</string>
				<key>name</key>
				<string>ofxPBRMaterial.cpp</string>
				<key>path</key>
				<string>../../../addons/ofxPBR/src/ofxPBRMaterial.cpp</string>
				<key>sourceTree</key>
				<string>SOURCE_ROOT</string>
			</dict>
			<key>739A34E9D9E34E0064EC820F</key>
			<dict>
				<key>explicitFileType</key>
				<string>sourcecode.c.h</string>
				<key>fileEncoding</key>
				<string>30</string>
				<key>isa</key>
				<string>PBXFileReference</string>
				<key>name</key>
				<string>ofxPBRLight.h</string>
				<key>path</key>
				<string>../../../addons/ofxPBR/src/ofxPBRLight.h</string>
				<key>sourceTree</key>
				<string>SOURCE_ROOT</string>
			</dict>
			<key>DCF344B29E26D3285C9727B3</key>
			<dict>
				<key>fileRef</key>
				<string>21B9B65ED0F38DEE18B3C644</string>
				<key>isa</key>
				<string>PBXBuildFile</string>
			</dict>
			<key>21B9B65ED0F38DEE18B3C644</key>
			<dict>
				<key>explicitFileType</key>
				<string>sourcecode.cpp.cpp</string>
				<key>fileEncoding</key>
				<string>30</string>
				<key>isa</key>
				<string>PBXFileReference</string>
				<key>name</key>
				<string>ofxPBRLight.cpp</string>
				<key>path</key>
				<string>../../../addons/ofxPBR/src/ofxPBRLight.cpp</string>
				<key>sourceTree</key>
				<string>SOURCE_ROOT</string>
			</dict>
			<key>E3FE69ABF25C363D20CC7B36</key>
			<dict>
				<key>explicitFileType</key>
				<string>sourcecode.c.h</string>
				<key>fileEncoding</key>
				<string>30</string>
				<key>isa</key>
				<string>PBXFileReference</string>
				<key>name</key>
				<string>ofxPBRCubeMap.h</string>
				<key>path</key>
				<string>../../../addons/ofxPBR/src/ofxPBRCubeMap.h</string>
				<key>sourceTree</key>
				<string>SOURCE_ROOT</string>
			</dict>
			<key>24F539A6EBB964EBC5433C98</key>
			<dict>
				<key>fileRef</key>
				<string>6F52B4C5E393921BF7613B54</string>
				<key>isa</key>
				<string>PBXBuildFile</string>
			</dict>
			<key>6F52B4C5E393921BF7613B54</key>
			<dict>
				<key>explicitFileType</key>
				<string>sourcecode.cpp.cpp</string>
				<key>fileEncoding</key>
				<string>30</string>
				<key>isa</key>
				<string>PBXFileReference</string>
				<key>name</key>
				<string>ofxPBRCubeMap.cpp</string>
				<key>path</key>
				<string>../../../addons/ofxPBR/src/ofxPBRCubeMap.cpp</string>
				<key>sourceTree</key>
				<string>SOURCE_ROOT</string>
			</dict>
			<key>28AE3A48FACA03F4C41D57A2</key>
			<dict>
				<key>explicitFileType</key>
				<string>sourcecode.c.h</string>
				<key>fileEncoding</key>
				<string>30</string>
				<key>isa</key>
				<string>PBXFileReference</string>
				<key>name</key>
				<string>ofxPBR.h</string>
				<key>path</key>
				<string>../../../addons/ofxPBR/src/ofxPBR.h</string>
				<key>sourceTree</key>
				<string>SOURCE_ROOT</string>
			</dict>
			<key>696F881D1314FAA818DD0C0E</key>
			<dict>
				<key>children</key>
				<array>
					<string>C7044D369D76DA73ED74A536</string>
					<string>28AE3A48FACA03F4C41D57A2</string>
					<string>6F52B4C5E393921BF7613B54</string>
					<string>E3FE69ABF25C363D20CC7B36</string>
					<string>21B9B65ED0F38DEE18B3C644</string>
					<string>739A34E9D9E34E0064EC820F</string>
					<string>49EDBEBC749DE11469A47851</string>
					<string>262BC2FB79F81289725C46A0</string>
					<string>3BF4998CFA697ED4846632F5</string>
					<string>3AC9D9D167D90650147488D9</string>
					<string>13FCF680EF6D86324C4A2EC9</string>
				</array>
				<key>isa</key>
				<string>PBXGroup</string>
				<key>name</key>
				<string>src</string>
				<key>sourceTree</key>
				<string>&lt;group&gt;</string>
			</dict>
			<key>42A6101CD2F7BD885B46D436</key>
			<dict>
				<key>children</key>
				<array>
					<string>696F881D1314FAA818DD0C0E</string>
				</array>
				<key>isa</key>
				<string>PBXGroup</string>
				<key>name</key>
				<string>ofxPBR</string>
				<key>sourceTree</key>
				<string>&lt;group&gt;</string>
			</dict>
			<key>F8831EB0D009EE61CC9B2ABB</key>
			<dict>
				<key>fileRef</key>
				<string>C7044D369D76DA73ED74A536</string>
				<key>isa</key>
				<string>PBXBuildFile</string>
			</dict>
			<key>C7044D369D76DA73ED74A536</key>
			<dict>
				<key>explicitFileType</key>
				<string>sourcecode.cpp.cpp</string>
				<key>fileEncoding</key>
				<string>30</string>
				<key>isa</key>
				<string>PBXFileReference</string>
				<key>name</key>
				<string>ofxPBR.cpp</string>
				<key>path</key>
				<string>../../../addons/ofxPBR/src/ofxPBR.cpp</string>
				<key>sourceTree</key>
				<string>SOURCE_ROOT</string>
			</dict>
			<key>80F80BA4DD89C624504E035E</key>
			<dict>
				<key>explicitFileType</key>
				<string>sourcecode.c.h</string>
				<key>fileEncoding</key>
				<string>30</string>
				<key>isa</key>
				<string>PBXFileReference</string>
				<key>name</key>
				<string>stb_truetype.h</string>
				<key>path</key>
				<string>../../../addons/ofxImGui/libs/imgui/src/stb_truetype.h</string>
				<key>sourceTree</key>
				<string>SOURCE_ROOT</string>
			</dict>
			<key>75EDE0F944593EF8C610B0A1</key>
			<dict>
				<key>explicitFileType</key>
				<string>sourcecode.c.h</string>
				<key>fileEncoding</key>
				<string>30</string>
				<key>isa</key>
				<string>PBXFileReference</string>
				<key>name</key>
				<string>stb_textedit.h</string>
				<key>path</key>
				<string>../../../addons/ofxImGui/libs/imgui/src/stb_textedit.h</string>
				<key>sourceTree</key>
				<string>SOURCE_ROOT</string>
			</dict>
			<key>0F99D91BAC240A07901D0E6A</key>
			<dict>
				<key>explicitFileType</key>
				<string>sourcecode.c.h</string>
				<key>fileEncoding</key>
				<string>30</string>
				<key>isa</key>
				<string>PBXFileReference</string>
				<key>name</key>
				<string>stb_rect_pack.h</string>
				<key>path</key>
				<string>../../../addons/ofxImGui/libs/imgui/src/stb_rect_pack.h</string>
				<key>sourceTree</key>
				<string>SOURCE_ROOT</string>
			</dict>
			<key>12EBC5773B81D5E37E068E24</key>
			<dict>
				<key>explicitFileType</key>
				<string>sourcecode.c.h</string>
				<key>fileEncoding</key>
				<string>30</string>
				<key>isa</key>
				<string>PBXFileReference</string>
				<key>name</key>
				<string>imgui_internal.h</string>
				<key>path</key>
				<string>../../../addons/ofxImGui/libs/imgui/src/imgui_internal.h</string>
				<key>sourceTree</key>
				<string>SOURCE_ROOT</string>
			</dict>
			<key>00413C35AAE31B483D7538AB</key>
			<dict>
				<key>fileRef</key>
				<string>9E02D9F3A04B5573758EBCF8</string>
				<key>isa</key>
				<string>PBXBuildFile</string>
			</dict>
			<key>9E02D9F3A04B5573758EBCF8</key>
			<dict>
				<key>explicitFileType</key>
				<string>sourcecode.cpp.cpp</string>
				<key>fileEncoding</key>
				<string>30</string>
				<key>isa</key>
				<string>PBXFileReference</string>
				<key>name</key>
				<string>imgui_draw.cpp</string>
				<key>path</key>
				<string>../../../addons/ofxImGui/libs/imgui/src/imgui_draw.cpp</string>
				<key>sourceTree</key>
				<string>SOURCE_ROOT</string>
			</dict>
			<key>E984796BE84AA4315636B6E7</key>
			<dict>
				<key>fileRef</key>
				<string>9CC36552DD0A47E758D71FB5</string>
				<key>isa</key>
				<string>PBXBuildFile</string>
			</dict>
			<key>9CC36552DD0A47E758D71FB5</key>
			<dict>
				<key>explicitFileType</key>
				<string>sourcecode.cpp.cpp</string>
				<key>fileEncoding</key>
				<string>30</string>
				<key>isa</key>
				<string>PBXFileReference</string>
				<key>name</key>
				<string>imgui_demo.cpp</string>
				<key>path</key>
				<string>../../../addons/ofxImGui/libs/imgui/src/imgui_demo.cpp</string>
				<key>sourceTree</key>
				<string>SOURCE_ROOT</string>
			</dict>
			<key>E135C7F22D40FCFD9C5AB94B</key>
			<dict>
				<key>explicitFileType</key>
				<string>sourcecode.c.h</string>
				<key>fileEncoding</key>
				<string>30</string>
				<key>isa</key>
				<string>PBXFileReference</string>
				<key>name</key>
				<string>imgui.h</string>
				<key>path</key>
				<string>../../../addons/ofxImGui/libs/imgui/src/imgui.h</string>
				<key>sourceTree</key>
				<string>SOURCE_ROOT</string>
			</dict>
			<key>807146441E0D13714E9F4654</key>
			<dict>
				<key>children</key>
				<array>
					<string>6CF9B1FD213484DDDB7AE362</string>
					<string>E135C7F22D40FCFD9C5AB94B</string>
					<string>9CC36552DD0A47E758D71FB5</string>
					<string>9E02D9F3A04B5573758EBCF8</string>
					<string>12EBC5773B81D5E37E068E24</string>
					<string>0F99D91BAC240A07901D0E6A</string>
					<string>75EDE0F944593EF8C610B0A1</string>
					<string>80F80BA4DD89C624504E035E</string>
				</array>
				<key>isa</key>
				<string>PBXGroup</string>
				<key>name</key>
				<string>src</string>
				<key>sourceTree</key>
				<string>&lt;group&gt;</string>
			</dict>
			<key>8D2869234BA7562D78D731FF</key>
			<dict>
				<key>children</key>
				<array>
					<string>807146441E0D13714E9F4654</string>
				</array>
				<key>isa</key>
				<string>PBXGroup</string>
				<key>name</key>
				<string>imgui</string>
				<key>sourceTree</key>
				<string>&lt;group&gt;</string>
			</dict>
			<key>C618591A26FF62625326E2DD</key>
			<dict>
				<key>children</key>
				<array>
					<string>8D2869234BA7562D78D731FF</string>
				</array>
				<key>isa</key>
				<string>PBXGroup</string>
				<key>name</key>
				<string>libs</string>
				<key>sourceTree</key>
				<string>&lt;group&gt;</string>
			</dict>
			<key>5C2607C471F8D48C0036C56E</key>
			<dict>
				<key>fileRef</key>
				<string>6CF9B1FD213484DDDB7AE362</string>
				<key>isa</key>
				<string>PBXBuildFile</string>
			</dict>
			<key>6CF9B1FD213484DDDB7AE362</key>
			<dict>
				<key>explicitFileType</key>
				<string>sourcecode.cpp.cpp</string>
				<key>fileEncoding</key>
				<string>30</string>
				<key>isa</key>
				<string>PBXFileReference</string>
				<key>name</key>
				<string>imgui.cpp</string>
				<key>path</key>
				<string>../../../addons/ofxImGui/libs/imgui/src/imgui.cpp</string>
				<key>sourceTree</key>
				<string>SOURCE_ROOT</string>
			</dict>
			<key>0BB9F7D314FADD51BAB96878</key>
			<dict>
				<key>explicitFileType</key>
				<string>sourcecode.c.h</string>
				<key>fileEncoding</key>
				<string>30</string>
				<key>isa</key>
				<string>PBXFileReference</string>
				<key>name</key>
				<string>ThemeTest.h</string>
				<key>path</key>
				<string>../../../addons/ofxImGui/src/ThemeTest.h</string>
				<key>sourceTree</key>
				<string>SOURCE_ROOT</string>
			</dict>
			<key>EF37E038E1DD79E1D9BA939D</key>
			<dict>
				<key>explicitFileType</key>
				<string>sourcecode.c.h</string>
				<key>fileEncoding</key>
				<string>30</string>
				<key>isa</key>
				<string>PBXFileReference</string>
				<key>name</key>
				<string>ofxImGuiLoggerChannel.h</string>
				<key>path</key>
				<string>../../../addons/ofxImGui/src/ofxImGuiLoggerChannel.h</string>
				<key>sourceTree</key>
				<string>SOURCE_ROOT</string>
			</dict>
			<key>A6F396BE5D1E24326E1F796A</key>
			<dict>
				<key>fileRef</key>
				<string>64438C8902B287DA10BCD63B</string>
				<key>isa</key>
				<string>PBXBuildFile</string>
			</dict>
			<key>64438C8902B287DA10BCD63B</key>
			<dict>
				<key>explicitFileType</key>
				<string>sourcecode.cpp.cpp</string>
				<key>fileEncoding</key>
				<string>30</string>
				<key>isa</key>
				<string>PBXFileReference</string>
				<key>name</key>
				<string>ofxImGuiLoggerChannel.cpp</string>
				<key>path</key>
				<string>../../../addons/ofxImGui/src/ofxImGuiLoggerChannel.cpp</string>
				<key>sourceTree</key>
				<string>SOURCE_ROOT</string>
			</dict>
			<key>D91100C1FBA245AD6CB55BD3</key>
			<dict>
				<key>explicitFileType</key>
				<string>sourcecode.c.h</string>
				<key>fileEncoding</key>
				<string>30</string>
				<key>isa</key>
				<string>PBXFileReference</string>
				<key>name</key>
				<string>ofxImGui.h</string>
				<key>path</key>
				<string>../../../addons/ofxImGui/src/ofxImGui.h</string>
				<key>sourceTree</key>
				<string>SOURCE_ROOT</string>
			</dict>
			<key>3AB24D308736280A07568671</key>
			<dict>
				<key>explicitFileType</key>
				<string>sourcecode.c.h</string>
				<key>fileEncoding</key>
				<string>30</string>
				<key>isa</key>
				<string>PBXFileReference</string>
				<key>name</key>
				<string>imconfig.h</string>
				<key>path</key>
				<string>../../../addons/ofxImGui/src/imconfig.h</string>
				<key>sourceTree</key>
				<string>SOURCE_ROOT</string>
			</dict>
			<key>748079BFB4742DB856EABE40</key>
			<dict>
				<key>explicitFileType</key>
				<string>sourcecode.c.h</string>
				<key>fileEncoding</key>
				<string>30</string>
				<key>isa</key>
				<string>PBXFileReference</string>
				<key>name</key>
				<string>Helpers.h</string>
				<key>path</key>
				<string>../../../addons/ofxImGui/src/Helpers.h</string>
				<key>sourceTree</key>
				<string>SOURCE_ROOT</string>
			</dict>
			<key>A0F2BFB15B92B4C6EB9527DE</key>
			<dict>
				<key>fileRef</key>
				<string>2C966A8F6085AAA2FED6F411</string>
				<key>isa</key>
				<string>PBXBuildFile</string>
			</dict>
			<key>2C966A8F6085AAA2FED6F411</key>
			<dict>
				<key>explicitFileType</key>
				<string>sourcecode.cpp.cpp</string>
				<key>fileEncoding</key>
				<string>30</string>
				<key>isa</key>
				<string>PBXFileReference</string>
				<key>name</key>
				<string>Helpers.cpp</string>
				<key>path</key>
				<string>../../../addons/ofxImGui/src/Helpers.cpp</string>
				<key>sourceTree</key>
				<string>SOURCE_ROOT</string>
			</dict>
			<key>450466BDE619E4EC9BF85C57</key>
			<dict>
				<key>explicitFileType</key>
				<string>sourcecode.c.h</string>
				<key>fileEncoding</key>
				<string>30</string>
				<key>isa</key>
				<string>PBXFileReference</string>
				<key>name</key>
				<string>Gui.h</string>
				<key>path</key>
				<string>../../../addons/ofxImGui/src/Gui.h</string>
				<key>sourceTree</key>
				<string>SOURCE_ROOT</string>
			</dict>
			<key>016BB55A143AD429330F07DB</key>
			<dict>
				<key>fileRef</key>
				<string>F0E2047B4D03D5151730B52B</string>
				<key>isa</key>
				<string>PBXBuildFile</string>
			</dict>
			<key>F0E2047B4D03D5151730B52B</key>
			<dict>
				<key>explicitFileType</key>
				<string>sourcecode.cpp.cpp</string>
				<key>fileEncoding</key>
				<string>30</string>
				<key>isa</key>
				<string>PBXFileReference</string>
				<key>name</key>
				<string>Gui.cpp</string>
				<key>path</key>
				<string>../../../addons/ofxImGui/src/Gui.cpp</string>
				<key>sourceTree</key>
				<string>SOURCE_ROOT</string>
			</dict>
			<key>99559F284344A867305900DB</key>
			<dict>
				<key>explicitFileType</key>
				<string>sourcecode.c.h</string>
				<key>fileEncoding</key>
				<string>30</string>
				<key>isa</key>
				<string>PBXFileReference</string>
				<key>name</key>
				<string>EngineVk.h</string>
				<key>path</key>
				<string>../../../addons/ofxImGui/src/EngineVk.h</string>
				<key>sourceTree</key>
				<string>SOURCE_ROOT</string>
			</dict>
			<key>6B3BB6E115053982E13C175C</key>
			<dict>
				<key>fileRef</key>
				<string>91D1568F53D3EC80AC718E7B</string>
				<key>isa</key>
				<string>PBXBuildFile</string>
			</dict>
			<key>91D1568F53D3EC80AC718E7B</key>
			<dict>
				<key>explicitFileType</key>
				<string>sourcecode.cpp.cpp</string>
				<key>fileEncoding</key>
				<string>30</string>
				<key>isa</key>
				<string>PBXFileReference</string>
				<key>name</key>
				<string>EngineVk.cpp</string>
				<key>path</key>
				<string>../../../addons/ofxImGui/src/EngineVk.cpp</string>
				<key>sourceTree</key>
				<string>SOURCE_ROOT</string>
			</dict>
			<key>CB5C15EA0881D35A88C22937</key>
			<dict>
				<key>explicitFileType</key>
				<string>sourcecode.c.h</string>
				<key>fileEncoding</key>
				<string>30</string>
				<key>isa</key>
				<string>PBXFileReference</string>
				<key>name</key>
				<string>EngineOpenGLES.h</string>
				<key>path</key>
				<string>../../../addons/ofxImGui/src/EngineOpenGLES.h</string>
				<key>sourceTree</key>
				<string>SOURCE_ROOT</string>
			</dict>
			<key>000315A9FA4E2F9A09533E05</key>
			<dict>
				<key>fileRef</key>
				<string>3174462C64E918D8DA23041B</string>
				<key>isa</key>
				<string>PBXBuildFile</string>
			</dict>
			<key>3174462C64E918D8DA23041B</key>
			<dict>
				<key>explicitFileType</key>
				<string>sourcecode.cpp.cpp</string>
				<key>fileEncoding</key>
				<string>30</string>
				<key>isa</key>
				<string>PBXFileReference</string>
				<key>name</key>
				<string>EngineOpenGLES.cpp</string>
				<key>path</key>
				<string>../../../addons/ofxImGui/src/EngineOpenGLES.cpp</string>
				<key>sourceTree</key>
				<string>SOURCE_ROOT</string>
			</dict>
			<key>3A9013A02246381F14572188</key>
			<dict>
				<key>explicitFileType</key>
				<string>sourcecode.c.h</string>
				<key>fileEncoding</key>
				<string>30</string>
				<key>isa</key>
				<string>PBXFileReference</string>
				<key>name</key>
				<string>EngineGLFW.h</string>
				<key>path</key>
				<string>../../../addons/ofxImGui/src/EngineGLFW.h</string>
				<key>sourceTree</key>
				<string>SOURCE_ROOT</string>
			</dict>
			<key>462C212713EFFA5383B35DAB</key>
			<dict>
				<key>fileRef</key>
				<string>2F1C686ADB50E8F79292BA80</string>
				<key>isa</key>
				<string>PBXBuildFile</string>
			</dict>
			<key>2F1C686ADB50E8F79292BA80</key>
			<dict>
				<key>explicitFileType</key>
				<string>sourcecode.cpp.cpp</string>
				<key>fileEncoding</key>
				<string>30</string>
				<key>isa</key>
				<string>PBXFileReference</string>
				<key>name</key>
				<string>EngineGLFW.cpp</string>
				<key>path</key>
				<string>../../../addons/ofxImGui/src/EngineGLFW.cpp</string>
				<key>sourceTree</key>
				<string>SOURCE_ROOT</string>
			</dict>
			<key>B462DABAC6A023A1D88702C7</key>
			<dict>
				<key>explicitFileType</key>
				<string>sourcecode.c.h</string>
				<key>fileEncoding</key>
				<string>30</string>
				<key>isa</key>
				<string>PBXFileReference</string>
				<key>name</key>
				<string>BaseTheme.h</string>
				<key>path</key>
				<string>../../../addons/ofxImGui/src/BaseTheme.h</string>
				<key>sourceTree</key>
				<string>SOURCE_ROOT</string>
			</dict>
			<key>27CF6B6E279F8EE58C9D4B90</key>
			<dict>
				<key>fileRef</key>
				<string>8E362ECECD928E7B3EBA5C53</string>
				<key>isa</key>
				<string>PBXBuildFile</string>
			</dict>
			<key>8E362ECECD928E7B3EBA5C53</key>
			<dict>
				<key>explicitFileType</key>
				<string>sourcecode.cpp.cpp</string>
				<key>fileEncoding</key>
				<string>30</string>
				<key>isa</key>
				<string>PBXFileReference</string>
				<key>name</key>
				<string>BaseTheme.cpp</string>
				<key>path</key>
				<string>../../../addons/ofxImGui/src/BaseTheme.cpp</string>
				<key>sourceTree</key>
				<string>SOURCE_ROOT</string>
			</dict>
			<key>FD24C7DBE373C3B79648C23F</key>
			<dict>
				<key>explicitFileType</key>
				<string>sourcecode.c.h</string>
				<key>fileEncoding</key>
				<string>30</string>
				<key>isa</key>
				<string>PBXFileReference</string>
				<key>name</key>
				<string>BaseEngine.h</string>
				<key>path</key>
				<string>../../../addons/ofxImGui/src/BaseEngine.h</string>
				<key>sourceTree</key>
				<string>SOURCE_ROOT</string>
			</dict>
			<key>6FF8AA08E79CFA38503CDB0E</key>
			<dict>
				<key>children</key>
				<array>
					<string>D7C7BDAD29F580A47FF56B52</string>
					<string>FD24C7DBE373C3B79648C23F</string>
					<string>8E362ECECD928E7B3EBA5C53</string>
					<string>B462DABAC6A023A1D88702C7</string>
					<string>2F1C686ADB50E8F79292BA80</string>
					<string>3A9013A02246381F14572188</string>
					<string>3174462C64E918D8DA23041B</string>
					<string>CB5C15EA0881D35A88C22937</string>
					<string>91D1568F53D3EC80AC718E7B</string>
					<string>99559F284344A867305900DB</string>
					<string>F0E2047B4D03D5151730B52B</string>
					<string>450466BDE619E4EC9BF85C57</string>
					<string>2C966A8F6085AAA2FED6F411</string>
					<string>748079BFB4742DB856EABE40</string>
					<string>3AB24D308736280A07568671</string>
					<string>D91100C1FBA245AD6CB55BD3</string>
					<string>64438C8902B287DA10BCD63B</string>
					<string>EF37E038E1DD79E1D9BA939D</string>
					<string>0BB9F7D314FADD51BAB96878</string>
				</array>
				<key>isa</key>
				<string>PBXGroup</string>
				<key>name</key>
				<string>src</string>
				<key>sourceTree</key>
				<string>&lt;group&gt;</string>
			</dict>
			<key>768C3255AF2F3E1A78DC4DF4</key>
			<dict>
				<key>children</key>
				<array>
					<string>6FF8AA08E79CFA38503CDB0E</string>
					<string>C618591A26FF62625326E2DD</string>
				</array>
				<key>isa</key>
				<string>PBXGroup</string>
				<key>name</key>
				<string>ofxImGui</string>
				<key>sourceTree</key>
				<string>&lt;group&gt;</string>
			</dict>
			<key>DBBE189ECD171A97DCF46C6A</key>
			<dict>
				<key>fileRef</key>
				<string>D7C7BDAD29F580A47FF56B52</string>
				<key>isa</key>
				<string>PBXBuildFile</string>
			</dict>
			<key>D7C7BDAD29F580A47FF56B52</key>
			<dict>
				<key>explicitFileType</key>
				<string>sourcecode.cpp.cpp</string>
				<key>fileEncoding</key>
				<string>30</string>
				<key>isa</key>
				<string>PBXFileReference</string>
				<key>name</key>
				<string>BaseEngine.cpp</string>
				<key>path</key>
				<string>../../../addons/ofxImGui/src/BaseEngine.cpp</string>
				<key>sourceTree</key>
				<string>SOURCE_ROOT</string>
			</dict>
			<key>9FECF0FCF0CCAEC9C58FE54F</key>
			<dict>
				<key>explicitFileType</key>
				<string>sourcecode.c.h</string>
				<key>fileEncoding</key>
				<string>30</string>
				<key>isa</key>
				<string>PBXFileReference</string>
				<key>name</key>
				<string>version.h</string>
				<key>path</key>
				<string>../../../addons/ofxAssimpModelLoader/libs/assimp/include/assimp/version.h</string>
				<key>sourceTree</key>
				<string>SOURCE_ROOT</string>
			</dict>
			<key>A6197D72F51ED9030D7C5F16</key>
			<dict>
				<key>explicitFileType</key>
				<string>sourcecode.c.h</string>
				<key>fileEncoding</key>
				<string>30</string>
				<key>isa</key>
				<string>PBXFileReference</string>
				<key>name</key>
				<string>vector3.h</string>
				<key>path</key>
				<string>../../../addons/ofxAssimpModelLoader/libs/assimp/include/assimp/vector3.h</string>
				<key>sourceTree</key>
				<string>SOURCE_ROOT</string>
			</dict>
			<key>98033501202172DF458BD6CF</key>
			<dict>
				<key>explicitFileType</key>
				<string>sourcecode.c.h</string>
				<key>fileEncoding</key>
				<string>30</string>
				<key>isa</key>
				<string>PBXFileReference</string>
				<key>name</key>
				<string>vector2.h</string>
				<key>path</key>
				<string>../../../addons/ofxAssimpModelLoader/libs/assimp/include/assimp/vector2.h</string>
				<key>sourceTree</key>
				<string>SOURCE_ROOT</string>
			</dict>
			<key>C1638C371AC7701E1A4D6671</key>
			<dict>
				<key>explicitFileType</key>
				<string>sourcecode.c.h</string>
				<key>fileEncoding</key>
				<string>30</string>
				<key>isa</key>
				<string>PBXFileReference</string>
				<key>name</key>
				<string>types.h</string>
				<key>path</key>
				<string>../../../addons/ofxAssimpModelLoader/libs/assimp/include/assimp/types.h</string>
				<key>sourceTree</key>
				<string>SOURCE_ROOT</string>
			</dict>
			<key>221A6B45269330B270549CB3</key>
			<dict>
				<key>explicitFileType</key>
				<string>sourcecode.c.h</string>
				<key>fileEncoding</key>
				<string>30</string>
				<key>isa</key>
				<string>PBXFileReference</string>
				<key>name</key>
				<string>texture.h</string>
				<key>path</key>
				<string>../../../addons/ofxAssimpModelLoader/libs/assimp/include/assimp/texture.h</string>
				<key>sourceTree</key>
				<string>SOURCE_ROOT</string>
			</dict>
			<key>D825FF1F1EA48B305BB428B7</key>
			<dict>
				<key>explicitFileType</key>
				<string>sourcecode.c.h</string>
				<key>fileEncoding</key>
				<string>30</string>
				<key>isa</key>
				<string>PBXFileReference</string>
				<key>name</key>
				<string>scene.h</string>
				<key>path</key>
				<string>../../../addons/ofxAssimpModelLoader/libs/assimp/include/assimp/scene.h</string>
				<key>sourceTree</key>
				<string>SOURCE_ROOT</string>
			</dict>
			<key>1E0C80A97E66F858E3720C91</key>
			<dict>
				<key>explicitFileType</key>
				<string>sourcecode.c.h</string>
				<key>fileEncoding</key>
				<string>30</string>
				<key>isa</key>
				<string>PBXFileReference</string>
				<key>name</key>
				<string>quaternion.h</string>
				<key>path</key>
				<string>../../../addons/ofxAssimpModelLoader/libs/assimp/include/assimp/quaternion.h</string>
				<key>sourceTree</key>
				<string>SOURCE_ROOT</string>
			</dict>
			<key>9339B8AD0EF31B7708C53B9F</key>
			<dict>
				<key>explicitFileType</key>
				<string>sourcecode.c.h</string>
				<key>fileEncoding</key>
				<string>30</string>
				<key>isa</key>
				<string>PBXFileReference</string>
				<key>name</key>
				<string>ProgressHandler.hpp</string>
				<key>path</key>
				<string>../../../addons/ofxAssimpModelLoader/libs/assimp/include/assimp/ProgressHandler.hpp</string>
				<key>sourceTree</key>
				<string>SOURCE_ROOT</string>
			</dict>
			<key>42D77E59A87937F5313E468D</key>
			<dict>
				<key>explicitFileType</key>
				<string>sourcecode.c.h</string>
				<key>fileEncoding</key>
				<string>30</string>
				<key>isa</key>
				<string>PBXFileReference</string>
				<key>name</key>
				<string>postprocess.h</string>
				<key>path</key>
				<string>../../../addons/ofxAssimpModelLoader/libs/assimp/include/assimp/postprocess.h</string>
				<key>sourceTree</key>
				<string>SOURCE_ROOT</string>
			</dict>
			<key>41DBF41AB15D7C33CA52C05F</key>
			<dict>
				<key>explicitFileType</key>
				<string>sourcecode.c.h</string>
				<key>fileEncoding</key>
				<string>30</string>
				<key>isa</key>
				<string>PBXFileReference</string>
				<key>name</key>
				<string>NullLogger.hpp</string>
				<key>path</key>
				<string>../../../addons/ofxAssimpModelLoader/libs/assimp/include/assimp/NullLogger.hpp</string>
				<key>sourceTree</key>
				<string>SOURCE_ROOT</string>
			</dict>
			<key>8090B616E3293BD0E1085AE8</key>
			<dict>
				<key>explicitFileType</key>
				<string>sourcecode.c.h</string>
				<key>fileEncoding</key>
				<string>30</string>
				<key>isa</key>
				<string>PBXFileReference</string>
				<key>name</key>
				<string>metadata.h</string>
				<key>path</key>
				<string>../../../addons/ofxAssimpModelLoader/libs/assimp/include/assimp/metadata.h</string>
				<key>sourceTree</key>
				<string>SOURCE_ROOT</string>
			</dict>
			<key>6A0E743407465957DB764ED3</key>
			<dict>
				<key>explicitFileType</key>
				<string>sourcecode.c.h</string>
				<key>fileEncoding</key>
				<string>30</string>
				<key>isa</key>
				<string>PBXFileReference</string>
				<key>name</key>
				<string>mesh.h</string>
				<key>path</key>
				<string>../../../addons/ofxAssimpModelLoader/libs/assimp/include/assimp/mesh.h</string>
				<key>sourceTree</key>
				<string>SOURCE_ROOT</string>
			</dict>
			<key>A7579B6BD9B77152BF320192</key>
			<dict>
				<key>explicitFileType</key>
				<string>sourcecode.c.h</string>
				<key>fileEncoding</key>
				<string>30</string>
				<key>isa</key>
				<string>PBXFileReference</string>
				<key>name</key>
				<string>matrix4x4.h</string>
				<key>path</key>
				<string>../../../addons/ofxAssimpModelLoader/libs/assimp/include/assimp/matrix4x4.h</string>
				<key>sourceTree</key>
				<string>SOURCE_ROOT</string>
			</dict>
			<key>D501EB9AF5A65F43CB972589</key>
			<dict>
				<key>explicitFileType</key>
				<string>sourcecode.c.h</string>
				<key>fileEncoding</key>
				<string>30</string>
				<key>isa</key>
				<string>PBXFileReference</string>
				<key>name</key>
				<string>matrix3x3.h</string>
				<key>path</key>
				<string>../../../addons/ofxAssimpModelLoader/libs/assimp/include/assimp/matrix3x3.h</string>
				<key>sourceTree</key>
				<string>SOURCE_ROOT</string>
			</dict>
			<key>42B5D460590D03DC3009F243</key>
			<dict>
				<key>explicitFileType</key>
				<string>sourcecode.c.h</string>
				<key>fileEncoding</key>
				<string>30</string>
				<key>isa</key>
				<string>PBXFileReference</string>
				<key>name</key>
				<string>material.h</string>
				<key>path</key>
				<string>../../../addons/ofxAssimpModelLoader/libs/assimp/include/assimp/material.h</string>
				<key>sourceTree</key>
				<string>SOURCE_ROOT</string>
			</dict>
			<key>0E3FB6D73DB6B260295B6855</key>
			<dict>
				<key>explicitFileType</key>
				<string>sourcecode.c.h</string>
				<key>fileEncoding</key>
				<string>30</string>
				<key>isa</key>
				<string>PBXFileReference</string>
				<key>name</key>
				<string>LogStream.hpp</string>
				<key>path</key>
				<string>../../../addons/ofxAssimpModelLoader/libs/assimp/include/assimp/LogStream.hpp</string>
				<key>sourceTree</key>
				<string>SOURCE_ROOT</string>
			</dict>
			<key>EED8C389555EA379BDFA5BD5</key>
			<dict>
				<key>explicitFileType</key>
				<string>sourcecode.c.h</string>
				<key>fileEncoding</key>
				<string>30</string>
				<key>isa</key>
				<string>PBXFileReference</string>
				<key>name</key>
				<string>Logger.hpp</string>
				<key>path</key>
				<string>../../../addons/ofxAssimpModelLoader/libs/assimp/include/assimp/Logger.hpp</string>
				<key>sourceTree</key>
				<string>SOURCE_ROOT</string>
			</dict>
			<key>808F0EC060E7C8DA90947996</key>
			<dict>
				<key>explicitFileType</key>
				<string>sourcecode.c.h</string>
				<key>fileEncoding</key>
				<string>30</string>
				<key>isa</key>
				<string>PBXFileReference</string>
				<key>name</key>
				<string>light.h</string>
				<key>path</key>
				<string>../../../addons/ofxAssimpModelLoader/libs/assimp/include/assimp/light.h</string>
				<key>sourceTree</key>
				<string>SOURCE_ROOT</string>
			</dict>
			<key>ADAE582E4696B9BD64E5B2B8</key>
			<dict>
				<key>explicitFileType</key>
				<string>sourcecode.c.h</string>
				<key>fileEncoding</key>
				<string>30</string>
				<key>isa</key>
				<string>PBXFileReference</string>
				<key>name</key>
				<string>IOSystem.hpp</string>
				<key>path</key>
				<string>../../../addons/ofxAssimpModelLoader/libs/assimp/include/assimp/IOSystem.hpp</string>
				<key>sourceTree</key>
				<string>SOURCE_ROOT</string>
			</dict>
			<key>18D6965F094E05B40B20AFB8</key>
			<dict>
				<key>explicitFileType</key>
				<string>sourcecode.c.h</string>
				<key>fileEncoding</key>
				<string>30</string>
				<key>isa</key>
				<string>PBXFileReference</string>
				<key>name</key>
				<string>IOStream.hpp</string>
				<key>path</key>
				<string>../../../addons/ofxAssimpModelLoader/libs/assimp/include/assimp/IOStream.hpp</string>
				<key>sourceTree</key>
				<string>SOURCE_ROOT</string>
			</dict>
			<key>2B629E4DB07A45391A420283</key>
			<dict>
				<key>explicitFileType</key>
				<string>sourcecode.c.h</string>
				<key>fileEncoding</key>
				<string>30</string>
				<key>isa</key>
				<string>PBXFileReference</string>
				<key>name</key>
				<string>importerdesc.h</string>
				<key>path</key>
				<string>../../../addons/ofxAssimpModelLoader/libs/assimp/include/assimp/importerdesc.h</string>
				<key>sourceTree</key>
				<string>SOURCE_ROOT</string>
			</dict>
			<key>6E069CE4C58E970E3429DBE5</key>
			<dict>
				<key>explicitFileType</key>
				<string>sourcecode.c.h</string>
				<key>fileEncoding</key>
				<string>30</string>
				<key>isa</key>
				<string>PBXFileReference</string>
				<key>name</key>
				<string>Importer.hpp</string>
				<key>path</key>
				<string>../../../addons/ofxAssimpModelLoader/libs/assimp/include/assimp/Importer.hpp</string>
				<key>sourceTree</key>
				<string>SOURCE_ROOT</string>
			</dict>
			<key>28A42A2103C59E7D30E9D245</key>
			<dict>
				<key>explicitFileType</key>
				<string>sourcecode.c.h</string>
				<key>fileEncoding</key>
				<string>30</string>
				<key>isa</key>
				<string>PBXFileReference</string>
				<key>name</key>
				<string>Exporter.hpp</string>
				<key>path</key>
				<string>../../../addons/ofxAssimpModelLoader/libs/assimp/include/assimp/Exporter.hpp</string>
				<key>sourceTree</key>
				<string>SOURCE_ROOT</string>
			</dict>
			<key>26149D52CBE031B3F154D862</key>
			<dict>
				<key>explicitFileType</key>
				<string>sourcecode.c.h</string>
				<key>fileEncoding</key>
				<string>30</string>
				<key>isa</key>
				<string>PBXFileReference</string>
				<key>name</key>
				<string>defs.h</string>
				<key>path</key>
				<string>../../../addons/ofxAssimpModelLoader/libs/assimp/include/assimp/defs.h</string>
				<key>sourceTree</key>
				<string>SOURCE_ROOT</string>
			</dict>
			<key>24814572966A916B92F96257</key>
			<dict>
				<key>explicitFileType</key>
				<string>sourcecode.c.h</string>
				<key>fileEncoding</key>
				<string>30</string>
				<key>isa</key>
				<string>PBXFileReference</string>
				<key>name</key>
				<string>DefaultLogger.hpp</string>
				<key>path</key>
				<string>../../../addons/ofxAssimpModelLoader/libs/assimp/include/assimp/DefaultLogger.hpp</string>
				<key>sourceTree</key>
				<string>SOURCE_ROOT</string>
			</dict>
			<key>7920005E4069FBD68DF30F56</key>
			<dict>
				<key>explicitFileType</key>
				<string>sourcecode.c.h</string>
				<key>fileEncoding</key>
				<string>30</string>
				<key>isa</key>
				<string>PBXFileReference</string>
				<key>name</key>
				<string>config.h</string>
				<key>path</key>
				<string>../../../addons/ofxAssimpModelLoader/libs/assimp/include/assimp/config.h</string>
				<key>sourceTree</key>
				<string>SOURCE_ROOT</string>
			</dict>
			<key>F38BBAA2F93DED836503E450</key>
			<dict>
				<key>explicitFileType</key>
				<string>sourcecode.c.h</string>
				<key>fileEncoding</key>
				<string>30</string>
				<key>isa</key>
				<string>PBXFileReference</string>
				<key>name</key>
				<string>pushpack1.h</string>
				<key>path</key>
				<string>../../../addons/ofxAssimpModelLoader/libs/assimp/include/assimp/Compiler/pushpack1.h</string>
				<key>sourceTree</key>
				<string>SOURCE_ROOT</string>
			</dict>
			<key>D1B370068072AAB890CD42D2</key>
			<dict>
				<key>explicitFileType</key>
				<string>sourcecode.c.h</string>
				<key>fileEncoding</key>
				<string>30</string>
				<key>isa</key>
				<string>PBXFileReference</string>
				<key>name</key>
				<string>pstdint.h</string>
				<key>path</key>
				<string>../../../addons/ofxAssimpModelLoader/libs/assimp/include/assimp/Compiler/pstdint.h</string>
				<key>sourceTree</key>
				<string>SOURCE_ROOT</string>
			</dict>
			<key>B77F1220F7C30BFF6034CC97</key>
			<dict>
				<key>children</key>
				<array>
					<string>C224E0400677911C78D08627</string>
					<string>D1B370068072AAB890CD42D2</string>
					<string>F38BBAA2F93DED836503E450</string>
				</array>
				<key>isa</key>
				<string>PBXGroup</string>
				<key>name</key>
				<string>Compiler</string>
				<key>sourceTree</key>
				<string>&lt;group&gt;</string>
			</dict>
			<key>C224E0400677911C78D08627</key>
			<dict>
				<key>explicitFileType</key>
				<string>sourcecode.c.h</string>
				<key>fileEncoding</key>
				<string>30</string>
				<key>isa</key>
				<string>PBXFileReference</string>
				<key>name</key>
				<string>poppack1.h</string>
				<key>path</key>
				<string>../../../addons/ofxAssimpModelLoader/libs/assimp/include/assimp/Compiler/poppack1.h</string>
				<key>sourceTree</key>
				<string>SOURCE_ROOT</string>
			</dict>
			<key>AED6F84D8DABA623CAF59F13</key>
			<dict>
				<key>explicitFileType</key>
				<string>sourcecode.c.h</string>
				<key>fileEncoding</key>
				<string>30</string>
				<key>isa</key>
				<string>PBXFileReference</string>
				<key>name</key>
				<string>color4.h</string>
				<key>path</key>
				<string>../../../addons/ofxAssimpModelLoader/libs/assimp/include/assimp/color4.h</string>
				<key>sourceTree</key>
				<string>SOURCE_ROOT</string>
			</dict>
			<key>2412104B96C3E5E004D85DED</key>
			<dict>
				<key>explicitFileType</key>
				<string>sourcecode.c.h</string>
				<key>fileEncoding</key>
				<string>30</string>
				<key>isa</key>
				<string>PBXFileReference</string>
				<key>name</key>
				<string>cimport.h</string>
				<key>path</key>
				<string>../../../addons/ofxAssimpModelLoader/libs/assimp/include/assimp/cimport.h</string>
				<key>sourceTree</key>
				<string>SOURCE_ROOT</string>
			</dict>
			<key>3D5F33D66F2F166A4E8EA438</key>
			<dict>
				<key>explicitFileType</key>
				<string>sourcecode.c.h</string>
				<key>fileEncoding</key>
				<string>30</string>
				<key>isa</key>
				<string>PBXFileReference</string>
				<key>name</key>
				<string>cfileio.h</string>
				<key>path</key>
				<string>../../../addons/ofxAssimpModelLoader/libs/assimp/include/assimp/cfileio.h</string>
				<key>sourceTree</key>
				<string>SOURCE_ROOT</string>
			</dict>
			<key>96EBF8A6CD3F11C79F7950BC</key>
			<dict>
				<key>explicitFileType</key>
				<string>sourcecode.c.h</string>
				<key>fileEncoding</key>
				<string>30</string>
				<key>isa</key>
				<string>PBXFileReference</string>
				<key>name</key>
				<string>cexport.h</string>
				<key>path</key>
				<string>../../../addons/ofxAssimpModelLoader/libs/assimp/include/assimp/cexport.h</string>
				<key>sourceTree</key>
				<string>SOURCE_ROOT</string>
			</dict>
			<key>7B454555CF8F39CFBAAFDFA2</key>
			<dict>
				<key>explicitFileType</key>
				<string>sourcecode.c.h</string>
				<key>fileEncoding</key>
				<string>30</string>
				<key>isa</key>
				<string>PBXFileReference</string>
				<key>name</key>
				<string>camera.h</string>
				<key>path</key>
				<string>../../../addons/ofxAssimpModelLoader/libs/assimp/include/assimp/camera.h</string>
				<key>sourceTree</key>
				<string>SOURCE_ROOT</string>
			</dict>
			<key>E83EDA0A1919173D8498F392</key>
			<dict>
				<key>explicitFileType</key>
				<string>sourcecode.c.h</string>
				<key>fileEncoding</key>
				<string>30</string>
				<key>isa</key>
				<string>PBXFileReference</string>
				<key>name</key>
				<string>anim.h</string>
				<key>path</key>
				<string>../../../addons/ofxAssimpModelLoader/libs/assimp/include/assimp/anim.h</string>
				<key>sourceTree</key>
				<string>SOURCE_ROOT</string>
			</dict>
			<key>67AD613537D3ED7FD883659E</key>
			<dict>
				<key>children</key>
				<array>
					<string>3DE27F8F3350100A56220776</string>
					<string>E83EDA0A1919173D8498F392</string>
					<string>7B454555CF8F39CFBAAFDFA2</string>
					<string>96EBF8A6CD3F11C79F7950BC</string>
					<string>3D5F33D66F2F166A4E8EA438</string>
					<string>2412104B96C3E5E004D85DED</string>
					<string>AED6F84D8DABA623CAF59F13</string>
					<string>B77F1220F7C30BFF6034CC97</string>
					<string>7920005E4069FBD68DF30F56</string>
					<string>24814572966A916B92F96257</string>
					<string>26149D52CBE031B3F154D862</string>
					<string>28A42A2103C59E7D30E9D245</string>
					<string>6E069CE4C58E970E3429DBE5</string>
					<string>2B629E4DB07A45391A420283</string>
					<string>18D6965F094E05B40B20AFB8</string>
					<string>ADAE582E4696B9BD64E5B2B8</string>
					<string>808F0EC060E7C8DA90947996</string>
					<string>EED8C389555EA379BDFA5BD5</string>
					<string>0E3FB6D73DB6B260295B6855</string>
					<string>42B5D460590D03DC3009F243</string>
					<string>D501EB9AF5A65F43CB972589</string>
					<string>A7579B6BD9B77152BF320192</string>
					<string>6A0E743407465957DB764ED3</string>
					<string>8090B616E3293BD0E1085AE8</string>
					<string>41DBF41AB15D7C33CA52C05F</string>
					<string>42D77E59A87937F5313E468D</string>
					<string>9339B8AD0EF31B7708C53B9F</string>
					<string>1E0C80A97E66F858E3720C91</string>
					<string>D825FF1F1EA48B305BB428B7</string>
					<string>221A6B45269330B270549CB3</string>
					<string>C1638C371AC7701E1A4D6671</string>
					<string>98033501202172DF458BD6CF</string>
					<string>A6197D72F51ED9030D7C5F16</string>
					<string>9FECF0FCF0CCAEC9C58FE54F</string>
				</array>
				<key>isa</key>
				<string>PBXGroup</string>
				<key>name</key>
				<string>assimp</string>
				<key>sourceTree</key>
				<string>&lt;group&gt;</string>
			</dict>
			<key>EEFDD7AE0009AE6F77EF2A93</key>
			<dict>
				<key>children</key>
				<array>
					<string>67AD613537D3ED7FD883659E</string>
				</array>
				<key>isa</key>
				<string>PBXGroup</string>
				<key>name</key>
				<string>include</string>
				<key>sourceTree</key>
				<string>&lt;group&gt;</string>
			</dict>
			<key>59905D957FDE48902CF1F729</key>
			<dict>
				<key>children</key>
				<array>
					<string>EEFDD7AE0009AE6F77EF2A93</string>
				</array>
				<key>isa</key>
				<string>PBXGroup</string>
				<key>name</key>
				<string>assimp</string>
				<key>sourceTree</key>
				<string>&lt;group&gt;</string>
			</dict>
			<key>C721A9AF1157766AFE54645E</key>
			<dict>
				<key>children</key>
				<array>
					<string>59905D957FDE48902CF1F729</string>
				</array>
				<key>isa</key>
				<string>PBXGroup</string>
				<key>name</key>
				<string>libs</string>
				<key>sourceTree</key>
				<string>&lt;group&gt;</string>
			</dict>
			<key>3DE27F8F3350100A56220776</key>
			<dict>
				<key>explicitFileType</key>
				<string>sourcecode.c.h</string>
				<key>fileEncoding</key>
				<string>30</string>
				<key>isa</key>
				<string>PBXFileReference</string>
				<key>name</key>
				<string>ai_assert.h</string>
				<key>path</key>
				<string>../../../addons/ofxAssimpModelLoader/libs/assimp/include/assimp/ai_assert.h</string>
				<key>sourceTree</key>
				<string>SOURCE_ROOT</string>
			</dict>
			<key>4FAE4A0F69A8990513603BDF</key>
			<dict>
				<key>explicitFileType</key>
				<string>sourcecode.c.h</string>
				<key>fileEncoding</key>
				<string>30</string>
				<key>isa</key>
				<string>PBXFileReference</string>
				<key>name</key>
				<string>ofxAssimpUtils.h</string>
				<key>path</key>
				<string>../../../addons/ofxAssimpModelLoader/src/ofxAssimpUtils.h</string>
				<key>sourceTree</key>
				<string>SOURCE_ROOT</string>
			</dict>
			<key>8B473495EAE4247AC1A851F1</key>
			<dict>
				<key>explicitFileType</key>
				<string>sourcecode.c.h</string>
				<key>fileEncoding</key>
				<string>30</string>
				<key>isa</key>
				<string>PBXFileReference</string>
				<key>name</key>
				<string>ofxAssimpTexture.h</string>
				<key>path</key>
				<string>../../../addons/ofxAssimpModelLoader/src/ofxAssimpTexture.h</string>
				<key>sourceTree</key>
				<string>SOURCE_ROOT</string>
			</dict>
			<key>B8846EF8E504895A4A9EFEC0</key>
			<dict>
				<key>fileRef</key>
				<string>B6F2EE44AD04FF549AB13699</string>
				<key>isa</key>
				<string>PBXBuildFile</string>
			</dict>
			<key>B6F2EE44AD04FF549AB13699</key>
			<dict>
				<key>explicitFileType</key>
				<string>sourcecode.cpp.cpp</string>
				<key>fileEncoding</key>
				<string>30</string>
				<key>isa</key>
				<string>PBXFileReference</string>
				<key>name</key>
				<string>ofxAssimpTexture.cpp</string>
				<key>path</key>
				<string>../../../addons/ofxAssimpModelLoader/src/ofxAssimpTexture.cpp</string>
				<key>sourceTree</key>
				<string>SOURCE_ROOT</string>
			</dict>
			<key>7DF381F656E8FD352E21346E</key>
			<dict>
				<key>explicitFileType</key>
				<string>sourcecode.c.h</string>
				<key>fileEncoding</key>
				<string>30</string>
				<key>isa</key>
				<string>PBXFileReference</string>
				<key>name</key>
				<string>ofxAssimpModelLoader.h</string>
				<key>path</key>
				<string>../../../addons/ofxAssimpModelLoader/src/ofxAssimpModelLoader.h</string>
				<key>sourceTree</key>
				<string>SOURCE_ROOT</string>
			</dict>
			<key>8DED5056525646FA71980866</key>
			<dict>
				<key>fileRef</key>
				<string>EDE55D82BD962DAC0E94B708</string>
				<key>isa</key>
				<string>PBXBuildFile</string>
			</dict>
			<key>EDE55D82BD962DAC0E94B708</key>
			<dict>
				<key>explicitFileType</key>
				<string>sourcecode.cpp.cpp</string>
				<key>fileEncoding</key>
				<string>30</string>
				<key>isa</key>
				<string>PBXFileReference</string>
				<key>name</key>
				<string>ofxAssimpModelLoader.cpp</string>
				<key>path</key>
				<string>../../../addons/ofxAssimpModelLoader/src/ofxAssimpModelLoader.cpp</string>
				<key>sourceTree</key>
				<string>SOURCE_ROOT</string>
			</dict>
			<key>F0BBBD032D905D92679D83E6</key>
			<dict>
				<key>explicitFileType</key>
				<string>sourcecode.c.h</string>
				<key>fileEncoding</key>
				<string>30</string>
				<key>isa</key>
				<string>PBXFileReference</string>
				<key>name</key>
				<string>ofxAssimpMeshHelper.h</string>
				<key>path</key>
				<string>../../../addons/ofxAssimpModelLoader/src/ofxAssimpMeshHelper.h</string>
				<key>sourceTree</key>
				<string>SOURCE_ROOT</string>
			</dict>
			<key>483FA4F6D5FA6422C559B1F5</key>
			<dict>
				<key>fileRef</key>
				<string>F67FE68E327BEFBD4B777571</string>
				<key>isa</key>
				<string>PBXBuildFile</string>
			</dict>
			<key>F67FE68E327BEFBD4B777571</key>
			<dict>
				<key>explicitFileType</key>
				<string>sourcecode.cpp.cpp</string>
				<key>fileEncoding</key>
				<string>30</string>
				<key>isa</key>
				<string>PBXFileReference</string>
				<key>name</key>
				<string>ofxAssimpMeshHelper.cpp</string>
				<key>path</key>
				<string>../../../addons/ofxAssimpModelLoader/src/ofxAssimpMeshHelper.cpp</string>
				<key>sourceTree</key>
				<string>SOURCE_ROOT</string>
			</dict>
			<key>EA83DF139B3F2085C1A56C49</key>
			<dict>
				<key>explicitFileType</key>
				<string>sourcecode.c.h</string>
				<key>fileEncoding</key>
				<string>30</string>
				<key>isa</key>
				<string>PBXFileReference</string>
				<key>name</key>
				<string>ofxAssimpAnimation.h</string>
				<key>path</key>
				<string>../../../addons/ofxAssimpModelLoader/src/ofxAssimpAnimation.h</string>
				<key>sourceTree</key>
				<string>SOURCE_ROOT</string>
			</dict>
			<key>9D99F547CA5C0ECCB9EB9806</key>
			<dict>
				<key>children</key>
				<array>
					<string>36068D6C1D6D412786A5C4C1</string>
					<string>EA83DF139B3F2085C1A56C49</string>
					<string>F67FE68E327BEFBD4B777571</string>
					<string>F0BBBD032D905D92679D83E6</string>
					<string>EDE55D82BD962DAC0E94B708</string>
					<string>7DF381F656E8FD352E21346E</string>
					<string>B6F2EE44AD04FF549AB13699</string>
					<string>8B473495EAE4247AC1A851F1</string>
					<string>4FAE4A0F69A8990513603BDF</string>
				</array>
				<key>isa</key>
				<string>PBXGroup</string>
				<key>name</key>
				<string>src</string>
				<key>sourceTree</key>
				<string>&lt;group&gt;</string>
			</dict>
			<key>2C8F245ACBE61E28646C17F2</key>
			<dict>
				<key>children</key>
				<array>
					<string>9D99F547CA5C0ECCB9EB9806</string>
					<string>C721A9AF1157766AFE54645E</string>
				</array>
				<key>isa</key>
				<string>PBXGroup</string>
				<key>name</key>
				<string>ofxAssimpModelLoader</string>
				<key>sourceTree</key>
				<string>&lt;group&gt;</string>
			</dict>
			<key>3B8120368B4FCCD80883BAF3</key>
			<dict>
				<key>fileRef</key>
				<string>36068D6C1D6D412786A5C4C1</string>
				<key>isa</key>
				<string>PBXBuildFile</string>
			</dict>
			<key>36068D6C1D6D412786A5C4C1</key>
			<dict>
				<key>explicitFileType</key>
				<string>sourcecode.cpp.cpp</string>
				<key>fileEncoding</key>
				<string>30</string>
				<key>isa</key>
				<string>PBXFileReference</string>
				<key>name</key>
				<string>ofxAssimpAnimation.cpp</string>
				<key>path</key>
				<string>../../../addons/ofxAssimpModelLoader/src/ofxAssimpAnimation.cpp</string>
				<key>sourceTree</key>
				<string>SOURCE_ROOT</string>
			</dict>
			<key>6948EE371B920CB800B5AC1A</key>
			<dict>
				<key>children</key>
				<array />
				<key>isa</key>
				<string>PBXGroup</string>
				<key>name</key>
				<string>local_addons</string>
				<key>sourceTree</key>
				<string>&lt;group&gt;</string>
			</dict>
			<key>8466F1851C04CA0E00918B1C</key>
			<dict>
				<key>buildActionMask</key>
				<string>12</string>
				<key>files</key>
				<array />
				<key>inputPaths</key>
				<array />
				<key>isa</key>
				<string>PBXShellScriptBuildPhase</string>
				<key>outputPaths</key>
				<array />
				<key>runOnlyForDeploymentPostprocessing</key>
				<string>0</string>
				<key>shellPath</key>
				<string>/bin/sh</string>
				<key>shellScript</key>
				<string>echo "$GCC_PREPROCESSOR_DEFINITIONS";
APPSTORE=`expr "$GCC_PREPROCESSOR_DEFINITIONS" : ".*APPSTORE=\([0-9]*\)"`
if [ -z "$APPSTORE" ] ; then
echo "Note: Not copying bin/data to App Package or doing App Code signing. Use AppStore target for AppStore distribution";
else
# Copy bin/data into App/Resources
rsync -avz --exclude='.DS_Store' "${SRCROOT}/bin/data/" "${TARGET_BUILD_DIR}/${UNLOCALIZED_RESOURCES_FOLDER_PATH}/data/"

# ---- Code Sign App Package ----

# WARNING: You may have to run Clean in Xcode after changing CODE_SIGN_IDENTITY!

# Verify that $CODE_SIGN_IDENTITY is set
if [ -z "${CODE_SIGN_IDENTITY}" ] ; then
echo "CODE_SIGN_IDENTITY needs to be set for framework code-signing"
exit 0
fi

if [ -z "${CODE_SIGN_ENTITLEMENTS}" ] ; then
echo "CODE_SIGN_ENTITLEMENTS needs to be set for framework code-signing!"

if [ "${CONFIGURATION}" = "Release" ] ; then
exit 1
else
# Code-signing is optional for non-release builds.
exit 0
fi
fi

ITEMS=""

FRAMEWORKS_DIR="${TARGET_BUILD_DIR}/${FRAMEWORKS_FOLDER_PATH}"
echo "$FRAMEWORKS_DIR"
if [ -d "$FRAMEWORKS_DIR" ] ; then
FRAMEWORKS=$(find "${FRAMEWORKS_DIR}" -depth -type d -name "*.framework" -or -name "*.dylib" -or -name "*.bundle" | sed -e "s/\(.*framework\)/\1\/Versions\/A\//")
RESULT=$?
if [[ $RESULT != 0 ]] ; then
exit 1
fi

ITEMS="${FRAMEWORKS}"
fi

LOGINITEMS_DIR="${TARGET_BUILD_DIR}/${CONTENTS_FOLDER_PATH}/Library/LoginItems/"
if [ -d "$LOGINITEMS_DIR" ] ; then
LOGINITEMS=$(find "${LOGINITEMS_DIR}" -depth -type d -name "*.app")
RESULT=$?
if [[ $RESULT != 0 ]] ; then
exit 1
fi

ITEMS="${ITEMS}"$'\n'"${LOGINITEMS}"
fi

# Prefer the expanded name, if available.
CODE_SIGN_IDENTITY_FOR_ITEMS="${EXPANDED_CODE_SIGN_IDENTITY_NAME}"
if [ "${CODE_SIGN_IDENTITY_FOR_ITEMS}" = "" ] ; then
# Fall back to old behavior.
CODE_SIGN_IDENTITY_FOR_ITEMS="${CODE_SIGN_IDENTITY}"
fi

echo "Identity:"
echo "${CODE_SIGN_IDENTITY_FOR_ITEMS}"

echo "Entitlements:"
echo "${CODE_SIGN_ENTITLEMENTS}"

echo "Found:"
echo "${ITEMS}"

# Change the Internal Field Separator (IFS) so that spaces in paths will not cause problems below.
SAVED_IFS=$IFS
IFS=$(echo -en "\n\b")

# Loop through all items.
for ITEM in $ITEMS;
do
echo "Signing '${ITEM}'"
codesign --force --verbose --sign "${CODE_SIGN_IDENTITY_FOR_ITEMS}" --entitlements "${CODE_SIGN_ENTITLEMENTS}" "${ITEM}"
RESULT=$?
if [[ $RESULT != 0 ]] ; then
echo "Failed to sign '${ITEM}'."
IFS=$SAVED_IFS
exit 1
fi
done

# Restore $IFS.
IFS=$SAVED_IFS

fi
</string>
			</dict>
			<key>99FA3DBB1C7456C400CFA0EE</key>
			<dict>
				<key>baseConfigurationReference</key>
				<string>E4EB6923138AFD0F00A09F29</string>
				<key>buildSettings</key>
				<dict>
					<key>OTHER_LDFLAGS</key>
					<array>
						<string>$(OF_CORE_FRAMEWORKS) $(OF_CORE_LIBS)</string>
						<string>../../../addons/ofxAssimpModelLoader/libs/assimp/lib/osx/assimp.a</string>
					</array>
					<key>HEADER_SEARCH_PATHS</key>
					<array>
						<string>$(OF_CORE_HEADERS)</string>
						<string>src</string>
						<string>../../../addons/ofxAssimpModelLoader/libs</string>
						<string>../../../addons/ofxAssimpModelLoader/libs/assimp</string>
						<string>../../../addons/ofxAssimpModelLoader/libs/assimp/include</string>
						<string>../../../addons/ofxAssimpModelLoader/libs/assimp/include/assimp</string>
						<string>../../../addons/ofxAssimpModelLoader/libs/assimp/include/assimp/Compiler</string>
						<string>../../../addons/ofxAssimpModelLoader/libs/assimp/lib</string>
						<string>../../../addons/ofxAssimpModelLoader/libs/assimp/lib/osx</string>
						<string>../../../addons/ofxAssimpModelLoader/libs/assimp/license</string>
						<string>../../../addons/ofxAssimpModelLoader/src</string>
						<string>../../../addons/ofxImGui/libs</string>
						<string>../../../addons/ofxImGui/libs/imgui</string>
						<string>../../../addons/ofxImGui/libs/imgui/src</string>
						<string>../../../addons/ofxImGui/src</string>
						<string>../../../addons/ofxPBR/src</string>
						<string>../../../addons/ofxPBR/src/shaders</string>
						<string>../../../addons/ofxPBRHelper/src</string>
					</array>
					<key>CONFIGURATION_BUILD_DIR</key>
					<string>$(SRCROOT)/bin/</string>
					<key>COPY_PHASE_STRIP</key>
					<string>YES</string>
					<key>DEAD_CODE_STRIPPING</key>
					<string>YES</string>
					<key>GCC_AUTO_VECTORIZATION</key>
					<string>YES</string>
					<key>GCC_ENABLE_SSE3_EXTENSIONS</key>
					<string>YES</string>
					<key>GCC_ENABLE_SUPPLEMENTAL_SSE3_INSTRUCTIONS</key>
					<string>YES</string>
					<key>GCC_INLINES_ARE_PRIVATE_EXTERN</key>
					<string>NO</string>
					<key>GCC_OPTIMIZATION_LEVEL</key>
					<string>3</string>
					<key>GCC_PREPROCESSOR_DEFINITIONS[arch=*]</key>
					<string>DISTRIBUTION=1</string>
					<key>GCC_SYMBOLS_PRIVATE_EXTERN</key>
					<string>NO</string>
					<key>GCC_UNROLL_LOOPS</key>
					<string>YES</string>
					<key>GCC_WARN_ABOUT_DEPRECATED_FUNCTIONS</key>
					<string>YES</string>
					<key>GCC_WARN_ABOUT_INVALID_OFFSETOF_MACRO</key>
					<string>NO</string>
					<key>GCC_WARN_ALLOW_INCOMPLETE_PROTOCOL</key>
					<string>NO</string>
					<key>GCC_WARN_UNINITIALIZED_AUTOS</key>
					<string>NO</string>
					<key>GCC_WARN_UNUSED_VALUE</key>
					<string>NO</string>
					<key>GCC_WARN_UNUSED_VARIABLE</key>
					<string>NO</string>
					<key>MACOSX_DEPLOYMENT_TARGET</key>
					<string>10.9</string>
					<key>OTHER_CPLUSPLUSFLAGS</key>
					<array>
						<string>-D__MACOSX_CORE__</string>
						<string>-mtune=native</string>
					</array>
					<key>SDKROOT</key>
					<string>macosx</string>
				</dict>
				<key>isa</key>
				<string>XCBuildConfiguration</string>
				<key>name</key>
				<string>AppStore</string>
			</dict>
			<key>99FA3DBC1C7456C400CFA0EE</key>
			<dict>
				<key>baseConfigurationReference</key>
				<string>E4EB6923138AFD0F00A09F29</string>
				<key>buildSettings</key>
				<dict>
					<key>OTHER_LDFLAGS</key>
					<array>
						<string>$(OF_CORE_FRAMEWORKS) $(OF_CORE_LIBS)</string>
						<string>../../../addons/ofxAssimpModelLoader/libs/assimp/lib/osx/assimp.a</string>
					</array>
					<key>HEADER_SEARCH_PATHS</key>
					<array>
						<string>$(OF_CORE_HEADERS)</string>
						<string>src</string>
						<string>../../../addons/ofxAssimpModelLoader/libs</string>
						<string>../../../addons/ofxAssimpModelLoader/libs/assimp</string>
						<string>../../../addons/ofxAssimpModelLoader/libs/assimp/include</string>
						<string>../../../addons/ofxAssimpModelLoader/libs/assimp/include/assimp</string>
						<string>../../../addons/ofxAssimpModelLoader/libs/assimp/include/assimp/Compiler</string>
						<string>../../../addons/ofxAssimpModelLoader/libs/assimp/lib</string>
						<string>../../../addons/ofxAssimpModelLoader/libs/assimp/lib/osx</string>
						<string>../../../addons/ofxAssimpModelLoader/libs/assimp/license</string>
						<string>../../../addons/ofxAssimpModelLoader/src</string>
						<string>../../../addons/ofxImGui/libs</string>
						<string>../../../addons/ofxImGui/libs/imgui</string>
						<string>../../../addons/ofxImGui/libs/imgui/src</string>
						<string>../../../addons/ofxImGui/src</string>
						<string>../../../addons/ofxPBR/src</string>
						<string>../../../addons/ofxPBR/src/shaders</string>
						<string>../../../addons/ofxPBRHelper/src</string>
					</array>
					<key>COMBINE_HIDPI_IMAGES</key>
					<string>YES</string>
					<key>COPY_PHASE_STRIP</key>
					<string>YES</string>
					<key>FRAMEWORK_SEARCH_PATHS</key>
					<string>$(inherited)</string>
					<key>GCC_GENERATE_DEBUGGING_SYMBOLS</key>
					<string>YES</string>
					<key>GCC_MODEL_TUNING</key>
					<string>NONE</string>
					<key>GCC_PREPROCESSOR_DEFINITIONS[arch=*]</key>
					<string>APPSTORE=1</string>
					<key>ICON</key>
					<string>$(ICON_NAME_RELEASE)</string>
					<key>ICON_FILE</key>
					<string>$(ICON_FILE_PATH)$(ICON)</string>
					<key>INFOPLIST_FILE</key>
					<string>openFrameworks-Info.plist</string>
					<key>INSTALL_PATH</key>
					<string>/Applications</string>
					<key>LIBRARY_SEARCH_PATHS</key>
					<string>$(inherited)</string>
					<key>PRODUCT_NAME</key>
					<string>$(TARGET_NAME)</string>
					<key>WRAPPER_EXTENSION</key>
					<string>app</string>
					<key>baseConfigurationReference</key>
					<string>E4EB6923138AFD0F00A09F29</string>
				</dict>
				<key>isa</key>
				<string>XCBuildConfiguration</string>
				<key>name</key>
				<string>AppStore</string>
			</dict>
			<key>BB4B014C10F69532006C3DED</key>
			<dict>
				<key>children</key>
				<array>
					<string>2C8F245ACBE61E28646C17F2</string>
					<string>768C3255AF2F3E1A78DC4DF4</string>
					<string>42A6101CD2F7BD885B46D436</string>
					<string>64354FB4A04100A80E87DDCD</string>
				</array>
				<key>isa</key>
				<string>PBXGroup</string>
				<key>name</key>
				<string>addons</string>
				<key>sourceTree</key>
				<string>&lt;group&gt;</string>
			</dict>
			<key>E4328143138ABC890047C5CB</key>
			<dict>
				<key>isa</key>
				<string>PBXFileReference</string>
				<key>lastKnownFileType</key>
				<string>wrapper.pb-project</string>
				<key>name</key>
				<string>openFrameworksLib.xcodeproj</string>
				<key>path</key>
				<string>../../../libs/openFrameworksCompiled/project/osx/openFrameworksLib.xcodeproj</string>
				<key>sourceTree</key>
				<string>SOURCE_ROOT</string>
			</dict>
			<key>E4328144138ABC890047C5CB</key>
			<dict>
				<key>children</key>
				<array>
					<string>E4328148138ABC890047C5CB</string>
				</array>
				<key>isa</key>
				<string>PBXGroup</string>
				<key>name</key>
				<string>Products</string>
				<key>sourceTree</key>
				<string>&lt;group&gt;</string>
			</dict>
			<key>E4328147138ABC890047C5CB</key>
			<dict>
				<key>containerPortal</key>
				<string>E4328143138ABC890047C5CB</string>
				<key>isa</key>
				<string>PBXContainerItemProxy</string>
				<key>proxyType</key>
				<string>2</string>
				<key>remoteGlobalIDString</key>
				<string>E4B27C1510CBEB8E00536013</string>
				<key>remoteInfo</key>
				<string>openFrameworks</string>
			</dict>
			<key>E4328148138ABC890047C5CB</key>
			<dict>
				<key>fileType</key>
				<string>archive.ar</string>
				<key>isa</key>
				<string>PBXReferenceProxy</string>
				<key>path</key>
				<string>openFrameworksDebug.a</string>
				<key>remoteRef</key>
				<string>E4328147138ABC890047C5CB</string>
				<key>sourceTree</key>
				<string>BUILT_PRODUCTS_DIR</string>
			</dict>
			<key>E4328149138ABC9F0047C5CB</key>
			<dict>
				<key>fileRef</key>
				<string>E4328148138ABC890047C5CB</string>
				<key>isa</key>
				<string>PBXBuildFile</string>
			</dict>
			<key>E4B69B4A0A3A1720003C02F2</key>
			<dict>
				<key>children</key>
				<array>
					<string>E4B6FCAD0C3E899E008CF71C</string>
					<string>E4EB6923138AFD0F00A09F29</string>
					<string>E4B69E1C0A3A1BDC003C02F2</string>
					<string>E4EEC9E9138DF44700A80321</string>
					<string>BB4B014C10F69532006C3DED</string>
					<string>6948EE371B920CB800B5AC1A</string>
					<string>E4B69B5B0A3A1756003C02F2</string>
				</array>
				<key>isa</key>
				<string>PBXGroup</string>
				<key>sourceTree</key>
				<string>&lt;group&gt;</string>
			</dict>
			<key>E4B69B4C0A3A1720003C02F2</key>
			<dict>
				<key>attributes</key>
				<dict>
					<key>LastUpgradeCheck</key>
					<string>0600</string>
				</dict>
				<key>buildConfigurationList</key>
				<string>E4B69B4D0A3A1720003C02F2</string>
				<key>compatibilityVersion</key>
				<string>Xcode 3.2</string>
				<key>developmentRegion</key>
				<string>English</string>
				<key>hasScannedForEncodings</key>
				<string>0</string>
				<key>isa</key>
				<string>PBXProject</string>
				<key>knownRegions</key>
				<array>
					<string>English</string>
					<string>Japanese</string>
					<string>French</string>
					<string>German</string>
				</array>
				<key>mainGroup</key>
				<string>E4B69B4A0A3A1720003C02F2</string>
				<key>productRefGroup</key>
				<string>E4B69B4A0A3A1720003C02F2</string>
				<key>projectDirPath</key>
				<string />
				<key>projectReferences</key>
				<array>
					<dict>
						<key>ProductGroup</key>
						<string>E4328144138ABC890047C5CB</string>
						<key>ProjectRef</key>
						<string>E4328143138ABC890047C5CB</string>
					</dict>
				</array>
				<key>projectRoot</key>
				<string />
				<key>targets</key>
				<array>
					<string>E4B69B5A0A3A1756003C02F2</string>
				</array>
			</dict>
			<key>E4B69B4D0A3A1720003C02F2</key>
			<dict>
				<key>buildConfigurations</key>
				<array>
					<string>E4B69B4E0A3A1720003C02F2</string>
					<string>E4B69B4F0A3A1720003C02F2</string>
					<string>99FA3DBB1C7456C400CFA0EE</string>
				</array>
				<key>defaultConfigurationIsVisible</key>
				<string>0</string>
				<key>defaultConfigurationName</key>
				<string>Release</string>
				<key>isa</key>
				<string>XCConfigurationList</string>
			</dict>
			<key>E4B69B4E0A3A1720003C02F2</key>
			<dict>
				<key>baseConfigurationReference</key>
				<string>E4EB6923138AFD0F00A09F29</string>
				<key>buildSettings</key>
				<dict>
					<key>OTHER_LDFLAGS</key>
					<array>
						<string>$(OF_CORE_FRAMEWORKS) $(OF_CORE_LIBS)</string>
						<string>../../../addons/ofxAssimpModelLoader/libs/assimp/lib/osx/assimp.a</string>
					</array>
					<key>HEADER_SEARCH_PATHS</key>
					<array>
						<string>$(OF_CORE_HEADERS)</string>
						<string>src</string>
						<string>../../../addons/ofxAssimpModelLoader/libs</string>
						<string>../../../addons/ofxAssimpModelLoader/libs/assimp</string>
						<string>../../../addons/ofxAssimpModelLoader/libs/assimp/include</string>
						<string>../../../addons/ofxAssimpModelLoader/libs/assimp/include/assimp</string>
						<string>../../../addons/ofxAssimpModelLoader/libs/assimp/include/assimp/Compiler</string>
						<string>../../../addons/ofxAssimpModelLoader/libs/assimp/lib</string>
						<string>../../../addons/ofxAssimpModelLoader/libs/assimp/lib/osx</string>
						<string>../../../addons/ofxAssimpModelLoader/libs/assimp/license</string>
						<string>../../../addons/ofxAssimpModelLoader/src</string>
						<string>../../../addons/ofxImGui/libs</string>
						<string>../../../addons/ofxImGui/libs/imgui</string>
						<string>../../../addons/ofxImGui/libs/imgui/src</string>
						<string>../../../addons/ofxImGui/src</string>
						<string>../../../addons/ofxPBR/src</string>
						<string>../../../addons/ofxPBR/src/shaders</string>
						<string>../../../addons/ofxPBRHelper/src</string>
					</array>
					<key>CONFIGURATION_BUILD_DIR</key>
					<string>$(SRCROOT)/bin/</string>
					<key>COPY_PHASE_STRIP</key>
					<string>NO</string>
					<key>DEAD_CODE_STRIPPING</key>
					<string>YES</string>
					<key>GCC_AUTO_VECTORIZATION</key>
					<string>YES</string>
					<key>GCC_ENABLE_SSE3_EXTENSIONS</key>
					<string>YES</string>
					<key>GCC_ENABLE_SUPPLEMENTAL_SSE3_INSTRUCTIONS</key>
					<string>YES</string>
					<key>GCC_INLINES_ARE_PRIVATE_EXTERN</key>
					<string>NO</string>
					<key>GCC_OPTIMIZATION_LEVEL</key>
					<string>0</string>
					<key>GCC_SYMBOLS_PRIVATE_EXTERN</key>
					<string>NO</string>
					<key>GCC_WARN_ABOUT_DEPRECATED_FUNCTIONS</key>
					<string>YES</string>
					<key>GCC_WARN_ABOUT_INVALID_OFFSETOF_MACRO</key>
					<string>NO</string>
					<key>GCC_WARN_ALLOW_INCOMPLETE_PROTOCOL</key>
					<string>NO</string>
					<key>GCC_WARN_UNINITIALIZED_AUTOS</key>
					<string>NO</string>
					<key>GCC_WARN_UNUSED_VALUE</key>
					<string>NO</string>
					<key>GCC_WARN_UNUSED_VARIABLE</key>
					<string>NO</string>
					<key>MACOSX_DEPLOYMENT_TARGET</key>
					<string>10.9</string>
					<key>ONLY_ACTIVE_ARCH</key>
					<string>YES</string>
					<key>OTHER_CPLUSPLUSFLAGS</key>
					<array>
						<string>-D__MACOSX_CORE__</string>
						<string>-mtune=native</string>
					</array>
					<key>SDKROOT</key>
					<string>macosx</string>
				</dict>
				<key>isa</key>
				<string>XCBuildConfiguration</string>
				<key>name</key>
				<string>Debug</string>
			</dict>
			<key>E4B69B4F0A3A1720003C02F2</key>
			<dict>
				<key>baseConfigurationReference</key>
				<string>E4EB6923138AFD0F00A09F29</string>
				<key>buildSettings</key>
				<dict>
					<key>OTHER_LDFLAGS</key>
					<array>
						<string>$(OF_CORE_FRAMEWORKS) $(OF_CORE_LIBS)</string>
						<string>../../../addons/ofxAssimpModelLoader/libs/assimp/lib/osx/assimp.a</string>
					</array>
					<key>HEADER_SEARCH_PATHS</key>
					<array>
						<string>$(OF_CORE_HEADERS)</string>
						<string>src</string>
						<string>../../../addons/ofxAssimpModelLoader/libs</string>
						<string>../../../addons/ofxAssimpModelLoader/libs/assimp</string>
						<string>../../../addons/ofxAssimpModelLoader/libs/assimp/include</string>
						<string>../../../addons/ofxAssimpModelLoader/libs/assimp/include/assimp</string>
						<string>../../../addons/ofxAssimpModelLoader/libs/assimp/include/assimp/Compiler</string>
						<string>../../../addons/ofxAssimpModelLoader/libs/assimp/lib</string>
						<string>../../../addons/ofxAssimpModelLoader/libs/assimp/lib/osx</string>
						<string>../../../addons/ofxAssimpModelLoader/libs/assimp/license</string>
						<string>../../../addons/ofxAssimpModelLoader/src</string>
						<string>../../../addons/ofxImGui/libs</string>
						<string>../../../addons/ofxImGui/libs/imgui</string>
						<string>../../../addons/ofxImGui/libs/imgui/src</string>
						<string>../../../addons/ofxImGui/src</string>
						<string>../../../addons/ofxPBR/src</string>
						<string>../../../addons/ofxPBR/src/shaders</string>
						<string>../../../addons/ofxPBRHelper/src</string>
					</array>
					<key>CONFIGURATION_BUILD_DIR</key>
					<string>$(SRCROOT)/bin/</string>
					<key>COPY_PHASE_STRIP</key>
					<string>YES</string>
					<key>DEAD_CODE_STRIPPING</key>
					<string>YES</string>
					<key>GCC_AUTO_VECTORIZATION</key>
					<string>YES</string>
					<key>GCC_ENABLE_SSE3_EXTENSIONS</key>
					<string>YES</string>
					<key>GCC_ENABLE_SUPPLEMENTAL_SSE3_INSTRUCTIONS</key>
					<string>YES</string>
					<key>GCC_INLINES_ARE_PRIVATE_EXTERN</key>
					<string>NO</string>
					<key>GCC_OPTIMIZATION_LEVEL</key>
					<string>3</string>
					<key>GCC_SYMBOLS_PRIVATE_EXTERN</key>
					<string>NO</string>
					<key>GCC_UNROLL_LOOPS</key>
					<string>YES</string>
					<key>GCC_WARN_ABOUT_DEPRECATED_FUNCTIONS</key>
					<string>YES</string>
					<key>GCC_WARN_ABOUT_INVALID_OFFSETOF_MACRO</key>
					<string>NO</string>
					<key>GCC_WARN_ALLOW_INCOMPLETE_PROTOCOL</key>
					<string>NO</string>
					<key>GCC_WARN_UNINITIALIZED_AUTOS</key>
					<string>NO</string>
					<key>GCC_WARN_UNUSED_VALUE</key>
					<string>NO</string>
					<key>GCC_WARN_UNUSED_VARIABLE</key>
					<string>NO</string>
					<key>MACOSX_DEPLOYMENT_TARGET</key>
					<string>10.9</string>
					<key>OTHER_CPLUSPLUSFLAGS</key>
					<array>
						<string>-D__MACOSX_CORE__</string>
						<string>-mtune=native</string>
					</array>
					<key>SDKROOT</key>
					<string>macosx</string>
				</dict>
				<key>isa</key>
				<string>XCBuildConfiguration</string>
				<key>name</key>
				<string>Release</string>
			</dict>
			<key>E4B69B580A3A1756003C02F2</key>
			<dict>
				<key>buildActionMask</key>
				<string>2147483647</string>
				<key>files</key>
				<array>
					<string>E4B69E200A3A1BDC003C02F2</string>
					<string>E4B69E210A3A1BDC003C02F2</string>
					<string>3B8120368B4FCCD80883BAF3</string>
					<string>483FA4F6D5FA6422C559B1F5</string>
					<string>8DED5056525646FA71980866</string>
					<string>B8846EF8E504895A4A9EFEC0</string>
					<string>DBBE189ECD171A97DCF46C6A</string>
					<string>27CF6B6E279F8EE58C9D4B90</string>
					<string>462C212713EFFA5383B35DAB</string>
					<string>000315A9FA4E2F9A09533E05</string>
					<string>6B3BB6E115053982E13C175C</string>
					<string>016BB55A143AD429330F07DB</string>
					<string>A0F2BFB15B92B4C6EB9527DE</string>
					<string>A6F396BE5D1E24326E1F796A</string>
					<string>5C2607C471F8D48C0036C56E</string>
					<string>E984796BE84AA4315636B6E7</string>
					<string>00413C35AAE31B483D7538AB</string>
					<string>F8831EB0D009EE61CC9B2ABB</string>
					<string>24F539A6EBB964EBC5433C98</string>
					<string>DCF344B29E26D3285C9727B3</string>
					<string>815F42D6B579CE9EFB87C085</string>
					<string>8AFE53EE9F2D9E61CC02AD81</string>
					<string>D1BA6D10C6EA536AC56D3F7E</string>
					<string>40CBDE48C053B88CBC9F3432</string>
				</array>
				<key>isa</key>
				<string>PBXSourcesBuildPhase</string>
				<key>runOnlyForDeploymentPostprocessing</key>
				<string>0</string>
			</dict>
			<key>E4B69B590A3A1756003C02F2</key>
			<dict>
				<key>buildActionMask</key>
				<string>2147483647</string>
				<key>files</key>
				<array>
					<string>E4328149138ABC9F0047C5CB</string>
				</array>
				<key>isa</key>
				<string>PBXFrameworksBuildPhase</string>
				<key>runOnlyForDeploymentPostprocessing</key>
				<string>0</string>
			</dict>
			<key>E4B69B5A0A3A1756003C02F2</key>
			<dict>
				<key>buildConfigurationList</key>
				<string>E4B69B5F0A3A1757003C02F2</string>
				<key>buildPhases</key>
				<array>
					<string>E4B69B580A3A1756003C02F2</string>
					<string>E4B69B590A3A1756003C02F2</string>
					<string>E4B6FFFD0C3F9AB9008CF71C</string>
					<string>E4C2427710CC5ABF004149E2</string>
					<string>8466F1851C04CA0E00918B1C</string>
				</array>
				<key>buildRules</key>
				<array />
				<key>dependencies</key>
				<array>
					<string>E4EEB9AC138B136A00A80321</string>
				</array>
				<key>isa</key>
				<string>PBXNativeTarget</string>
				<key>name</key>
				<string>05-HDR_Bloom_Example</string>
				<key>productName</key>
				<string>myOFApp</string>
				<key>productReference</key>
				<string>E4B69B5B0A3A1756003C02F2</string>
				<key>productType</key>
				<string>com.apple.product-type.application</string>
			</dict>
			<key>E4B69B5B0A3A1756003C02F2</key>
			<dict>
				<key>explicitFileType</key>
				<string>wrapper.application</string>
				<key>includeInIndex</key>
				<string>0</string>
				<key>isa</key>
				<string>PBXFileReference</string>
				<key>path</key>
				<string>05-HDR_Bloom_ExampleDebug.app</string>
				<key>sourceTree</key>
				<string>BUILT_PRODUCTS_DIR</string>
			</dict>
			<key>E4B69B5F0A3A1757003C02F2</key>
			<dict>
				<key>buildConfigurations</key>
				<array>
					<string>E4B69B600A3A1757003C02F2</string>
					<string>E4B69B610A3A1757003C02F2</string>
					<string>99FA3DBC1C7456C400CFA0EE</string>
				</array>
				<key>defaultConfigurationIsVisible</key>
				<string>0</string>
				<key>defaultConfigurationName</key>
				<string>Release</string>
				<key>isa</key>
				<string>XCConfigurationList</string>
			</dict>
			<key>E4B69B600A3A1757003C02F2</key>
			<dict>
				<key>baseConfigurationReference</key>
				<string>E4EB6923138AFD0F00A09F29</string>
				<key>buildSettings</key>
				<dict>
					<key>OTHER_LDFLAGS</key>
					<array>
						<string>$(OF_CORE_FRAMEWORKS) $(OF_CORE_LIBS)</string>
						<string>../../../addons/ofxAssimpModelLoader/libs/assimp/lib/osx/assimp.a</string>
					</array>
					<key>HEADER_SEARCH_PATHS</key>
					<array>
						<string>$(OF_CORE_HEADERS)</string>
						<string>src</string>
						<string>../../../addons/ofxAssimpModelLoader/libs</string>
						<string>../../../addons/ofxAssimpModelLoader/libs/assimp</string>
						<string>../../../addons/ofxAssimpModelLoader/libs/assimp/include</string>
						<string>../../../addons/ofxAssimpModelLoader/libs/assimp/include/assimp</string>
						<string>../../../addons/ofxAssimpModelLoader/libs/assimp/include/assimp/Compiler</string>
						<string>../../../addons/ofxAssimpModelLoader/libs/assimp/lib</string>
						<string>../../../addons/ofxAssimpModelLoader/libs/assimp/lib/osx</string>
						<string>../../../addons/ofxAssimpModelLoader/libs/assimp/license</string>
						<string>../../../addons/ofxAssimpModelLoader/src</string>
						<string>../../../addons/ofxImGui/libs</string>
						<string>../../../addons/ofxImGui/libs/imgui</string>
						<string>../../../addons/ofxImGui/libs/imgui/src</string>
						<string>../../../addons/ofxImGui/src</string>
						<string>../../../addons/ofxPBR/src</string>
						<string>../../../addons/ofxPBR/src/shaders</string>
						<string>../../../addons/ofxPBRHelper/src</string>
					</array>
					<key>COMBINE_HIDPI_IMAGES</key>
					<string>YES</string>
					<key>COPY_PHASE_STRIP</key>
					<string>NO</string>
					<key>FRAMEWORK_SEARCH_PATHS</key>
					<string>$(inherited)</string>
					<key>GCC_DYNAMIC_NO_PIC</key>
					<string>NO</string>
					<key>GCC_GENERATE_DEBUGGING_SYMBOLS</key>
					<string>YES</string>
					<key>GCC_MODEL_TUNING</key>
					<string>NONE</string>
					<key>ICON</key>
					<string>$(ICON_NAME_DEBUG)</string>
					<key>ICON_FILE</key>
					<string>$(ICON_FILE_PATH)$(ICON)</string>
					<key>INFOPLIST_FILE</key>
					<string>openFrameworks-Info.plist</string>
					<key>INSTALL_PATH</key>
					<string>/Applications</string>
					<key>LIBRARY_SEARCH_PATHS</key>
					<string>$(inherited)</string>
					<key>PRODUCT_NAME</key>
					<string>$(TARGET_NAME)Debug</string>
					<key>WRAPPER_EXTENSION</key>
					<string>app</string>
				</dict>
				<key>isa</key>
				<string>XCBuildConfiguration</string>
				<key>name</key>
				<string>Debug</string>
			</dict>
			<key>E4B69B610A3A1757003C02F2</key>
			<dict>
				<key>baseConfigurationReference</key>
				<string>E4EB6923138AFD0F00A09F29</string>
				<key>buildSettings</key>
				<dict>
					<key>OTHER_LDFLAGS</key>
					<array>
						<string>$(OF_CORE_FRAMEWORKS) $(OF_CORE_LIBS)</string>
						<string>../../../addons/ofxAssimpModelLoader/libs/assimp/lib/osx/assimp.a</string>
					</array>
					<key>HEADER_SEARCH_PATHS</key>
					<array>
						<string>$(OF_CORE_HEADERS)</string>
						<string>src</string>
						<string>../../../addons/ofxAssimpModelLoader/libs</string>
						<string>../../../addons/ofxAssimpModelLoader/libs/assimp</string>
						<string>../../../addons/ofxAssimpModelLoader/libs/assimp/include</string>
						<string>../../../addons/ofxAssimpModelLoader/libs/assimp/include/assimp</string>
						<string>../../../addons/ofxAssimpModelLoader/libs/assimp/include/assimp/Compiler</string>
						<string>../../../addons/ofxAssimpModelLoader/libs/assimp/lib</string>
						<string>../../../addons/ofxAssimpModelLoader/libs/assimp/lib/osx</string>
						<string>../../../addons/ofxAssimpModelLoader/libs/assimp/license</string>
						<string>../../../addons/ofxAssimpModelLoader/src</string>
						<string>../../../addons/ofxImGui/libs</string>
						<string>../../../addons/ofxImGui/libs/imgui</string>
						<string>../../../addons/ofxImGui/libs/imgui/src</string>
						<string>../../../addons/ofxImGui/src</string>
						<string>../../../addons/ofxPBR/src</string>
						<string>../../../addons/ofxPBR/src/shaders</string>
						<string>../../../addons/ofxPBRHelper/src</string>
					</array>
					<key>COMBINE_HIDPI_IMAGES</key>
					<string>YES</string>
					<key>COPY_PHASE_STRIP</key>
					<string>YES</string>
					<key>FRAMEWORK_SEARCH_PATHS</key>
					<string>$(inherited)</string>
					<key>GCC_GENERATE_DEBUGGING_SYMBOLS</key>
					<string>YES</string>
					<key>GCC_MODEL_TUNING</key>
					<string>NONE</string>
					<key>ICON</key>
					<string>$(ICON_NAME_RELEASE)</string>
					<key>ICON_FILE</key>
					<string>$(ICON_FILE_PATH)$(ICON)</string>
					<key>INFOPLIST_FILE</key>
					<string>openFrameworks-Info.plist</string>
					<key>INSTALL_PATH</key>
					<string>/Applications</string>
					<key>LIBRARY_SEARCH_PATHS</key>
					<string>$(inherited)</string>
					<key>PRODUCT_NAME</key>
					<string>$(TARGET_NAME)</string>
					<key>WRAPPER_EXTENSION</key>
					<string>app</string>
					<key>baseConfigurationReference</key>
					<string>E4EB6923138AFD0F00A09F29</string>
				</dict>
				<key>isa</key>
				<string>XCBuildConfiguration</string>
				<key>name</key>
				<string>Release</string>
			</dict>
			<key>E4B69E1C0A3A1BDC003C02F2</key>
			<dict>
				<key>children</key>
				<array>
					<string>E4B69E1D0A3A1BDC003C02F2</string>
					<string>E4B69E1E0A3A1BDC003C02F2</string>
					<string>E4B69E1F0A3A1BDC003C02F2</string>
				</array>
				<key>isa</key>
				<string>PBXGroup</string>
				<key>path</key>
				<string>src</string>
				<key>sourceTree</key>
				<string>SOURCE_ROOT</string>
			</dict>
			<key>E4B69E1D0A3A1BDC003C02F2</key>
			<dict>
				<key>fileEncoding</key>
				<string>4</string>
				<key>isa</key>
				<string>PBXFileReference</string>
				<key>lastKnownFileType</key>
				<string>sourcecode.cpp.cpp</string>
				<key>name</key>
				<string>main.cpp</string>
				<key>path</key>
				<string>src/main.cpp</string>
				<key>sourceTree</key>
				<string>SOURCE_ROOT</string>
			</dict>
			<key>E4B69E1E0A3A1BDC003C02F2</key>
			<dict>
				<key>explicitFileType</key>
				<string>sourcecode.cpp.cpp</string>
				<key>fileEncoding</key>
				<string>4</string>
				<key>isa</key>
				<string>PBXFileReference</string>
				<key>name</key>
				<string>ofApp.cpp</string>
				<key>path</key>
				<string>src/ofApp.cpp</string>
				<key>sourceTree</key>
				<string>SOURCE_ROOT</string>
			</dict>
			<key>E4B69E1F0A3A1BDC003C02F2</key>
			<dict>
				<key>fileEncoding</key>
				<string>4</string>
				<key>isa</key>
				<string>PBXFileReference</string>
				<key>lastKnownFileType</key>
				<string>sourcecode.c.h</string>
				<key>name</key>
				<string>ofApp.h</string>
				<key>path</key>
				<string>src/ofApp.h</string>
				<key>sourceTree</key>
				<string>SOURCE_ROOT</string>
			</dict>
			<key>E4B69E200A3A1BDC003C02F2</key>
			<dict>
				<key>fileRef</key>
				<string>E4B69E1D0A3A1BDC003C02F2</string>
				<key>isa</key>
				<string>PBXBuildFile</string>
			</dict>
			<key>E4B69E210A3A1BDC003C02F2</key>
			<dict>
				<key>fileRef</key>
				<string>E4B69E1E0A3A1BDC003C02F2</string>
				<key>isa</key>
				<string>PBXBuildFile</string>
			</dict>
			<key>E4B6FCAD0C3E899E008CF71C</key>
			<dict>
				<key>fileEncoding</key>
				<string>4</string>
				<key>isa</key>
				<string>PBXFileReference</string>
				<key>lastKnownFileType</key>
				<string>text.plist.xml</string>
				<key>path</key>
				<string>openFrameworks-Info.plist</string>
				<key>sourceTree</key>
				<string>&lt;group&gt;</string>
			</dict>
			<key>E4B6FFFD0C3F9AB9008CF71C</key>
			<dict>
				<key>buildActionMask</key>
				<string>2147483647</string>
				<key>files</key>
				<array />
				<key>inputPaths</key>
				<array />
				<key>isa</key>
				<string>PBXShellScriptBuildPhase</string>
				<key>outputPaths</key>
				<array />
				<key>runOnlyForDeploymentPostprocessing</key>
				<string>0</string>
				<key>shellPath</key>
				<string>/bin/sh</string>
				<key>shellScript</key>
				<string>mkdir -p "$TARGET_BUILD_DIR/$PRODUCT_NAME.app/Contents/Resources/"
# Copy default icon file into App/Resources
rsync -aved "$ICON_FILE" "$TARGET_BUILD_DIR/$PRODUCT_NAME.app/Contents/Resources/"
# Copy libfmod and change install directory for fmod to run
rsync -aved "$OF_PATH/libs/fmodex/lib/osx/libfmodex.dylib" "$TARGET_BUILD_DIR/$PRODUCT_NAME.app/Contents/Frameworks/";
install_name_tool -change @executable_path/libfmodex.dylib @executable_path/../Frameworks/libfmodex.dylib "$TARGET_BUILD_DIR/$PRODUCT_NAME.app/Contents/MacOS/$PRODUCT_NAME";

echo "$GCC_PREPROCESSOR_DEFINITIONS";
</string>
			</dict>
			<key>E4C2427710CC5ABF004149E2</key>
			<dict>
				<key>buildActionMask</key>
				<string>2147483647</string>
				<key>dstPath</key>
				<string />
				<key>dstSubfolderSpec</key>
				<string>10</string>
				<key>files</key>
				<array />
				<key>isa</key>
				<string>PBXCopyFilesBuildPhase</string>
				<key>runOnlyForDeploymentPostprocessing</key>
				<string>0</string>
			</dict>
			<key>E4EB691F138AFCF100A09F29</key>
			<dict>
				<key>fileEncoding</key>
				<string>4</string>
				<key>isa</key>
				<string>PBXFileReference</string>
				<key>lastKnownFileType</key>
				<string>text.xcconfig</string>
				<key>name</key>
				<string>CoreOF.xcconfig</string>
				<key>path</key>
				<string>../../../libs/openFrameworksCompiled/project/osx/CoreOF.xcconfig</string>
				<key>sourceTree</key>
				<string>SOURCE_ROOT</string>
			</dict>
			<key>E4EB6923138AFD0F00A09F29</key>
			<dict>
				<key>fileEncoding</key>
				<string>4</string>
				<key>isa</key>
				<string>PBXFileReference</string>
				<key>lastKnownFileType</key>
				<string>text.xcconfig</string>
				<key>path</key>
				<string>Project.xcconfig</string>
				<key>sourceTree</key>
				<string>&lt;group&gt;</string>
			</dict>
			<key>E4EEB9AB138B136A00A80321</key>
			<dict>
				<key>containerPortal</key>
				<string>E4328143138ABC890047C5CB</string>
				<key>isa</key>
				<string>PBXContainerItemProxy</string>
				<key>proxyType</key>
				<string>1</string>
				<key>remoteGlobalIDString</key>
				<string>E4B27C1410CBEB8E00536013</string>
				<key>remoteInfo</key>
				<string>openFrameworks</string>
			</dict>
			<key>E4EEB9AC138B136A00A80321</key>
			<dict>
				<key>isa</key>
				<string>PBXTargetDependency</string>
				<key>name</key>
				<string>openFrameworks</string>
				<key>targetProxy</key>
				<string>E4EEB9AB138B136A00A80321</string>
			</dict>
			<key>E4EEC9E9138DF44700A80321</key>
			<dict>
				<key>children</key>
				<array>
					<string>E4EB691F138AFCF100A09F29</string>
					<string>E4328143138ABC890047C5CB</string>
				</array>
				<key>isa</key>
				<string>PBXGroup</string>
				<key>name</key>
				<string>openFrameworks</string>
				<key>sourceTree</key>
				<string>&lt;group&gt;</string>
			</dict>
		</dict>
		<key>rootObject</key>
		<string>E4B69B4C0A3A1720003C02F2</string>
	</dict>
</plist>
